// !$*UTF8*$!
{
	archiveVersion = 1;
	classes = {
	};
	objectVersion = 46;
	objects = {

/* Begin PBXBuildFile section */
		1F7C6BFA16BEEEF300B7C558 /* SystemConfiguration.framework in Frameworks */ = {isa = PBXBuildFile; fileRef = 1F7C6BF916BEEEF300B7C558 /* SystemConfiguration.framework */; };
		1F7C6BFB16BEF0D200B7C558 /* Reachability.m in Sources */ = {isa = PBXBuildFile; fileRef = 1F7C6BF716BEEE4D00B7C558 /* Reachability.m */; };
		65137CD716BE4C3B006FA9BD /* UIKit.framework in Frameworks */ = {isa = PBXBuildFile; fileRef = D4086170169B760800D6ACB0 /* UIKit.framework */; };
		65137CD816BE4C3B006FA9BD /* Foundation.framework in Frameworks */ = {isa = PBXBuildFile; fileRef = D4086172169B760800D6ACB0 /* Foundation.framework */; };
		65137CDE16BE4C3B006FA9BD /* InfoPlist.strings in Resources */ = {isa = PBXBuildFile; fileRef = 65137CDC16BE4C3B006FA9BD /* InfoPlist.strings */; };
		65137CE116BE4C3B006FA9BD /* Commons_iOS_Logic_Testing.m in Sources */ = {isa = PBXBuildFile; fileRef = 65137CE016BE4C3B006FA9BD /* Commons_iOS_Logic_Testing.m */; };
		65137CF716BE4C8C006FA9BD /* SenTestingKit.framework in Frameworks */ = {isa = PBXBuildFile; fileRef = 65137CF616BE4C8C006FA9BD /* SenTestingKit.framework */; };
		65137D0716BE6696006FA9BD /* SenTestingKit.framework in Frameworks */ = {isa = PBXBuildFile; fileRef = 65137CF616BE4C8C006FA9BD /* SenTestingKit.framework */; };
		65137D0816BE6696006FA9BD /* UIKit.framework in Frameworks */ = {isa = PBXBuildFile; fileRef = D4086170169B760800D6ACB0 /* UIKit.framework */; };
		65137D0916BE6696006FA9BD /* Foundation.framework in Frameworks */ = {isa = PBXBuildFile; fileRef = D4086172169B760800D6ACB0 /* Foundation.framework */; };
		65137D0F16BE6696006FA9BD /* InfoPlist.strings in Resources */ = {isa = PBXBuildFile; fileRef = 65137D0D16BE6696006FA9BD /* InfoPlist.strings */; };
		65137D1216BE6696006FA9BD /* Commons_iOS_Application_Testing.m in Sources */ = {isa = PBXBuildFile; fileRef = 65137D1116BE6696006FA9BD /* Commons_iOS_Application_Testing.m */; };
		65137D2016BE69B8006FA9BD /* libOCMock.a in Frameworks */ = {isa = PBXBuildFile; fileRef = 65137D1816BE69B8006FA9BD /* libOCMock.a */; };
		655BF5EF16C1052D00B22299 /* StorageTools.m in Sources */ = {isa = PBXBuildFile; fileRef = 655BF5EE16C1052D00B22299 /* StorageTools.m */; };
		655BF5F016C1052D00B22299 /* StorageTools.m in Sources */ = {isa = PBXBuildFile; fileRef = 655BF5EE16C1052D00B22299 /* StorageTools.m */; };
		65C4D53D16CCE10B0077E0A2 /* UIKit.framework in Frameworks */ = {isa = PBXBuildFile; fileRef = D4086170169B760800D6ACB0 /* UIKit.framework */; };
		65C4D53E16CCE10B0077E0A2 /* Foundation.framework in Frameworks */ = {isa = PBXBuildFile; fileRef = D4086172169B760800D6ACB0 /* Foundation.framework */; };
		65C4D53F16CCE10B0077E0A2 /* CoreGraphics.framework in Frameworks */ = {isa = PBXBuildFile; fileRef = D4086174169B760800D6ACB0 /* CoreGraphics.framework */; };
		65C4D54516CCE10B0077E0A2 /* InfoPlist.strings in Resources */ = {isa = PBXBuildFile; fileRef = 65C4D54316CCE10B0077E0A2 /* InfoPlist.strings */; };
		65C4D54716CCE10B0077E0A2 /* main.m in Sources */ = {isa = PBXBuildFile; fileRef = 65C4D54616CCE10B0077E0A2 /* main.m */; };
		65C4D54D16CCE10B0077E0A2 /* Default.png in Resources */ = {isa = PBXBuildFile; fileRef = 65C4D54C16CCE10B0077E0A2 /* Default.png */; };
		65C4D54F16CCE10B0077E0A2 /* Default@2x.png in Resources */ = {isa = PBXBuildFile; fileRef = 65C4D54E16CCE10B0077E0A2 /* Default@2x.png */; };
		65C4D55116CCE10B0077E0A2 /* Default-568h@2x.png in Resources */ = {isa = PBXBuildFile; fileRef = 65C4D55016CCE10B0077E0A2 /* Default-568h@2x.png */; };
		65C4D55616CCE1900077E0A2 /* GHUnitIOS.framework in Frameworks */ = {isa = PBXBuildFile; fileRef = 65C4D55516CCE1900077E0A2 /* GHUnitIOS.framework */; };
		65CA697516BFCE3300839D09 /* QuartzCore.framework in Frameworks */ = {isa = PBXBuildFile; fileRef = 65CA697416BFCE3300839D09 /* QuartzCore.framework */; };
		65CA697F16C05B9700839D09 /* Http.m in Sources */ = {isa = PBXBuildFile; fileRef = D4D0E1E9169BA5E2003047A8 /* Http.m */; };
		65CA698016C05B9700839D09 /* MWApi.m in Sources */ = {isa = PBXBuildFile; fileRef = D4D0E1EA169BA5E2003047A8 /* MWApi.m */; };
		65CA698116C05B9700839D09 /* MWApiMultipartRequestBuilder.m in Sources */ = {isa = PBXBuildFile; fileRef = D4D0E1EB169BA5E2003047A8 /* MWApiMultipartRequestBuilder.m */; };
		65CA698216C05B9700839D09 /* MWApiRequestBuilder.m in Sources */ = {isa = PBXBuildFile; fileRef = D4D0E1ED169BA5E2003047A8 /* MWApiRequestBuilder.m */; };
		65CA698316C05B9700839D09 /* MWApiResult.m in Sources */ = {isa = PBXBuildFile; fileRef = D4D0E1EE169BA5E2003047A8 /* MWApiResult.m */; };
		65CA698416C05B9700839D09 /* NSString+Extras.m in Sources */ = {isa = PBXBuildFile; fileRef = D4D0E1EF169BA5E2003047A8 /* NSString+Extras.m */; };
		65CA698516C05B9700839D09 /* NSURLRequest+DictionaryRequest.m in Sources */ = {isa = PBXBuildFile; fileRef = D4D0E1F0169BA5E2003047A8 /* NSURLRequest+DictionaryRequest.m */; };
		65CA698616C05B9700839D09 /* MWNetworkActivityIndicatorManager.m in Sources */ = {isa = PBXBuildFile; fileRef = DC2CB56616B9BD420047977E /* MWNetworkActivityIndicatorManager.m */; };
		65CA698716C05B9700839D09 /* AppDelegate.m in Sources */ = {isa = PBXBuildFile; fileRef = D4086180169B760800D6ACB0 /* AppDelegate.m */; };
		65CA698916C05B9700839D09 /* SettingsViewController.m in Sources */ = {isa = PBXBuildFile; fileRef = D450A0E016B347BE00D1D1E2 /* SettingsViewController.m */; };
		65CA698B16C05B9700839D09 /* DetailTableViewController.m in Sources */ = {isa = PBXBuildFile; fileRef = D4AFF27416B886FD003D96F3 /* DetailTableViewController.m */; };
		65CA698C16C05B9700839D09 /* WebViewController.m in Sources */ = {isa = PBXBuildFile; fileRef = D4B83E1E16BC8B4000ABAF94 /* WebViewController.m */; };
		65CA698D16C05B9700839D09 /* ImageScrollViewController.m in Sources */ = {isa = PBXBuildFile; fileRef = DC606FBE16BF28FA006EFA5C /* ImageScrollViewController.m */; };
		65CA698E16C05B9700839D09 /* FileUpload.m in Sources */ = {isa = PBXBuildFile; fileRef = D450A0F816B366E200D1D1E2 /* FileUpload.m */; };
		65CA698F16C05B9700839D09 /* CommonsApp.m in Sources */ = {isa = PBXBuildFile; fileRef = D450A0E316B34ADD00D1D1E2 /* CommonsApp.m */; };
		65CA699016C05B9700839D09 /* BrowserHelper.m in Sources */ = {isa = PBXBuildFile; fileRef = D4B83E2116BC950900ABAF94 /* BrowserHelper.m */; };
		65CA699116C05BC300839D09 /* FileUpload.xcdatamodeld in Sources */ = {isa = PBXBuildFile; fileRef = D41B99ED16B1CB2E0045BEB5 /* FileUpload.xcdatamodeld */; };
		65CA699216C05BD500839D09 /* main.m in Sources */ = {isa = PBXBuildFile; fileRef = D408617C169B760800D6ACB0 /* main.m */; };
		65CA699316C05BF400839D09 /* libOCMock.a in Frameworks */ = {isa = PBXBuildFile; fileRef = 65137D1816BE69B8006FA9BD /* libOCMock.a */; };
		65CA699416C0685600839D09 /* QuartzCore.framework in Frameworks */ = {isa = PBXBuildFile; fileRef = 65CA697416BFCE3300839D09 /* QuartzCore.framework */; };
		65CA699516C0685900839D09 /* AssetsLibrary.framework in Frameworks */ = {isa = PBXBuildFile; fileRef = D4896B5016B5C97D009A35FA /* AssetsLibrary.framework */; };
		65CA699616C0685B00839D09 /* CoreData.framework in Frameworks */ = {isa = PBXBuildFile; fileRef = D41B99F416B1CEB50045BEB5 /* CoreData.framework */; };
		65CA699716C0685D00839D09 /* Security.framework in Frameworks */ = {isa = PBXBuildFile; fileRef = D4C08F2916AF47300069172D /* Security.framework */; };
		65CA699816C0686200839D09 /* CoreGraphics.framework in Frameworks */ = {isa = PBXBuildFile; fileRef = D4086174169B760800D6ACB0 /* CoreGraphics.framework */; };
		65CA699916C0687100839D09 /* QuartzCore.framework in Frameworks */ = {isa = PBXBuildFile; fileRef = 65CA697416BFCE3300839D09 /* QuartzCore.framework */; };
		65CA699A16C0687400839D09 /* AssetsLibrary.framework in Frameworks */ = {isa = PBXBuildFile; fileRef = D4896B5016B5C97D009A35FA /* AssetsLibrary.framework */; };
		65CA699B16C0687600839D09 /* CoreData.framework in Frameworks */ = {isa = PBXBuildFile; fileRef = D41B99F416B1CEB50045BEB5 /* CoreData.framework */; };
		65CA699C16C0687700839D09 /* Security.framework in Frameworks */ = {isa = PBXBuildFile; fileRef = D4C08F2916AF47300069172D /* Security.framework */; };
		65CA699D16C0687C00839D09 /* CoreGraphics.framework in Frameworks */ = {isa = PBXBuildFile; fileRef = D4086174169B760800D6ACB0 /* CoreGraphics.framework */; };
		D4086171169B760800D6ACB0 /* UIKit.framework in Frameworks */ = {isa = PBXBuildFile; fileRef = D4086170169B760800D6ACB0 /* UIKit.framework */; };
		D4086173169B760800D6ACB0 /* Foundation.framework in Frameworks */ = {isa = PBXBuildFile; fileRef = D4086172169B760800D6ACB0 /* Foundation.framework */; };
		D4086175169B760800D6ACB0 /* CoreGraphics.framework in Frameworks */ = {isa = PBXBuildFile; fileRef = D4086174169B760800D6ACB0 /* CoreGraphics.framework */; };
		D408617B169B760800D6ACB0 /* InfoPlist.strings in Resources */ = {isa = PBXBuildFile; fileRef = D4086179169B760800D6ACB0 /* InfoPlist.strings */; };
		D408617D169B760800D6ACB0 /* main.m in Sources */ = {isa = PBXBuildFile; fileRef = D408617C169B760800D6ACB0 /* main.m */; };
		D4086181169B760800D6ACB0 /* AppDelegate.m in Sources */ = {isa = PBXBuildFile; fileRef = D4086180169B760800D6ACB0 /* AppDelegate.m */; };
		D4086183169B760800D6ACB0 /* Default.png in Resources */ = {isa = PBXBuildFile; fileRef = D4086182169B760800D6ACB0 /* Default.png */; };
		D4086185169B760800D6ACB0 /* Default@2x.png in Resources */ = {isa = PBXBuildFile; fileRef = D4086184169B760800D6ACB0 /* Default@2x.png */; };
		D4086187169B760800D6ACB0 /* Default-568h@2x.png in Resources */ = {isa = PBXBuildFile; fileRef = D4086186169B760800D6ACB0 /* Default-568h@2x.png */; };
		D408618A169B760800D6ACB0 /* MainStoryboard.storyboard in Resources */ = {isa = PBXBuildFile; fileRef = D4086188169B760800D6ACB0 /* MainStoryboard.storyboard */; };
		D4086197169B791100D6ACB0 /* Commons-logo-57.png in Resources */ = {isa = PBXBuildFile; fileRef = D4086196169B791100D6ACB0 /* Commons-logo-57.png */; };
		D4086199169B791400D6ACB0 /* Commons-logo-114.png in Resources */ = {isa = PBXBuildFile; fileRef = D4086198169B791400D6ACB0 /* Commons-logo-114.png */; };
		D40CE3CD16BB390A00E63B27 /* Default-Portrait~ipad.png in Resources */ = {isa = PBXBuildFile; fileRef = D40CE3CC16BB390A00E63B27 /* Default-Portrait~ipad.png */; };
		D40CE3CF16BB390D00E63B27 /* Default-Portrait@2x~ipad.png in Resources */ = {isa = PBXBuildFile; fileRef = D40CE3CE16BB390D00E63B27 /* Default-Portrait@2x~ipad.png */; };
		D40CE3D116BB391300E63B27 /* Default-Landscape~ipad.png in Resources */ = {isa = PBXBuildFile; fileRef = D40CE3D016BB391300E63B27 /* Default-Landscape~ipad.png */; };
		D40CE3D316BB391500E63B27 /* Default-Landscape@2x~ipad.png in Resources */ = {isa = PBXBuildFile; fileRef = D40CE3D216BB391500E63B27 /* Default-Landscape@2x~ipad.png */; };
		D40CE3D516BB398700E63B27 /* Commons-logo-72.png in Resources */ = {isa = PBXBuildFile; fileRef = D40CE3D416BB398700E63B27 /* Commons-logo-72.png */; };
		D40CE3D716BB398A00E63B27 /* Commons-logo-72@2x.png in Resources */ = {isa = PBXBuildFile; fileRef = D40CE3D616BB398A00E63B27 /* Commons-logo-72@2x.png */; };
		D40CE3DE16BB542300E63B27 /* fileicon-pdf.png in Resources */ = {isa = PBXBuildFile; fileRef = D40CE3DC16BB542200E63B27 /* fileicon-pdf.png */; };
		D40CE3DF16BB542300E63B27 /* fileicon-svg.png in Resources */ = {isa = PBXBuildFile; fileRef = D40CE3DD16BB542200E63B27 /* fileicon-svg.png */; };
		D41B99EF16B1CB2E0045BEB5 /* FileUpload.xcdatamodeld in Sources */ = {isa = PBXBuildFile; fileRef = D41B99ED16B1CB2E0045BEB5 /* FileUpload.xcdatamodeld */; };
		D41B99F516B1CEB50045BEB5 /* CoreData.framework in Frameworks */ = {isa = PBXBuildFile; fileRef = D41B99F416B1CEB50045BEB5 /* CoreData.framework */; };
		D41D280D16C18C9F00BC3ABE /* cc-by.png in Resources */ = {isa = PBXBuildFile; fileRef = D41D280916C18C9F00BC3ABE /* cc-by.png */; };
		D41D280E16C18C9F00BC3ABE /* cc-by@2x.png in Resources */ = {isa = PBXBuildFile; fileRef = D41D280A16C18C9F00BC3ABE /* cc-by@2x.png */; };
		D41D280F16C18C9F00BC3ABE /* cc-sa.png in Resources */ = {isa = PBXBuildFile; fileRef = D41D280B16C18C9F00BC3ABE /* cc-sa.png */; };
		D41D281016C18C9F00BC3ABE /* cc-sa@2x.png in Resources */ = {isa = PBXBuildFile; fileRef = D41D280C16C18C9F00BC3ABE /* cc-sa@2x.png */; };
		D41D281316C19C4D00BC3ABE /* ImageListCell.m in Sources */ = {isa = PBXBuildFile; fileRef = D41D281216C19C4D00BC3ABE /* ImageListCell.m */; };
		D41D281416C19C4D00BC3ABE /* ImageListCell.m in Sources */ = {isa = PBXBuildFile; fileRef = D41D281216C19C4D00BC3ABE /* ImageListCell.m */; };
		D41D281716C19CE100BC3ABE /* MyUploadsViewController.m in Sources */ = {isa = PBXBuildFile; fileRef = D41D281616C19CE100BC3ABE /* MyUploadsViewController.m */; };
		D41D281816C19CE100BC3ABE /* MyUploadsViewController.m in Sources */ = {isa = PBXBuildFile; fileRef = D41D281616C19CE100BC3ABE /* MyUploadsViewController.m */; };
		D4284F1016C9C2AA008640B0 /* MWEventLogging.m in Sources */ = {isa = PBXBuildFile; fileRef = D4284F0F16C9C2AA008640B0 /* MWEventLogging.m */; };
		D44DDD3C16CC4D6000318FBF /* MWDeferred.m in Sources */ = {isa = PBXBuildFile; fileRef = D44DDD3916CC4D6000318FBF /* MWDeferred.m */; };
		D44DDD3D16CC4D6000318FBF /* MWDeferred.m in Sources */ = {isa = PBXBuildFile; fileRef = D44DDD3916CC4D6000318FBF /* MWDeferred.m */; };
		D44DDD3E16CC4D6000318FBF /* MWDeferred.m in Sources */ = {isa = PBXBuildFile; fileRef = D44DDD3916CC4D6000318FBF /* MWDeferred.m */; };
		D44DDD3F16CC4D6000318FBF /* MWPromise.m in Sources */ = {isa = PBXBuildFile; fileRef = D44DDD3B16CC4D6000318FBF /* MWPromise.m */; };
		D44DDD4016CC4D6000318FBF /* MWPromise.m in Sources */ = {isa = PBXBuildFile; fileRef = D44DDD3B16CC4D6000318FBF /* MWPromise.m */; };
		D44DDD4116CC4D6000318FBF /* MWPromise.m in Sources */ = {isa = PBXBuildFile; fileRef = D44DDD3B16CC4D6000318FBF /* MWPromise.m */; };
		D450A0E116B347BE00D1D1E2 /* SettingsViewController.m in Sources */ = {isa = PBXBuildFile; fileRef = D450A0E016B347BE00D1D1E2 /* SettingsViewController.m */; };
		D450A0E416B34ADD00D1D1E2 /* CommonsApp.m in Sources */ = {isa = PBXBuildFile; fileRef = D450A0E316B34ADD00D1D1E2 /* CommonsApp.m */; };
		D450A0F916B366E200D1D1E2 /* FileUpload.m in Sources */ = {isa = PBXBuildFile; fileRef = D450A0F816B366E200D1D1E2 /* FileUpload.m */; };
		D4896B5116B5C97D009A35FA /* AssetsLibrary.framework in Frameworks */ = {isa = PBXBuildFile; fileRef = D4896B5016B5C97D009A35FA /* AssetsLibrary.framework */; };
		D4AFF27516B886FD003D96F3 /* DetailTableViewController.m in Sources */ = {isa = PBXBuildFile; fileRef = D4AFF27416B886FD003D96F3 /* DetailTableViewController.m */; };
		D4B83E1F16BC8B4000ABAF94 /* WebViewController.m in Sources */ = {isa = PBXBuildFile; fileRef = D4B83E1E16BC8B4000ABAF94 /* WebViewController.m */; };
		D4B83E2216BC950900ABAF94 /* BrowserHelper.m in Sources */ = {isa = PBXBuildFile; fileRef = D4B83E2116BC950900ABAF94 /* BrowserHelper.m */; };
		D4C08F2A16AF47300069172D /* Security.framework in Frameworks */ = {isa = PBXBuildFile; fileRef = D4C08F2916AF47300069172D /* Security.framework */; };
		D4D0E1E8169BA0F4003047A8 /* mwapi in Resources */ = {isa = PBXBuildFile; fileRef = D4D0E1E7169BA0F4003047A8 /* mwapi */; };
		D4D0E1F2169BA5E2003047A8 /* Http.m in Sources */ = {isa = PBXBuildFile; fileRef = D4D0E1E9169BA5E2003047A8 /* Http.m */; };
		D4D0E1F3169BA5E2003047A8 /* MWApi.m in Sources */ = {isa = PBXBuildFile; fileRef = D4D0E1EA169BA5E2003047A8 /* MWApi.m */; };
		D4D0E1F4169BA5E2003047A8 /* MWApiMultipartRequestBuilder.m in Sources */ = {isa = PBXBuildFile; fileRef = D4D0E1EB169BA5E2003047A8 /* MWApiMultipartRequestBuilder.m */; };
		D4D0E1F6169BA5E2003047A8 /* MWApiRequestBuilder.m in Sources */ = {isa = PBXBuildFile; fileRef = D4D0E1ED169BA5E2003047A8 /* MWApiRequestBuilder.m */; };
		D4D0E1F7169BA5E2003047A8 /* MWApiResult.m in Sources */ = {isa = PBXBuildFile; fileRef = D4D0E1EE169BA5E2003047A8 /* MWApiResult.m */; };
		D4D0E1F8169BA5E2003047A8 /* NSString+Extras.m in Sources */ = {isa = PBXBuildFile; fileRef = D4D0E1EF169BA5E2003047A8 /* NSString+Extras.m */; };
		D4D0E1F9169BA5E2003047A8 /* NSURLRequest+DictionaryRequest.m in Sources */ = {isa = PBXBuildFile; fileRef = D4D0E1F0169BA5E2003047A8 /* NSURLRequest+DictionaryRequest.m */; };
		D4E0383C16C4567500330A7F /* MWMessage.m in Sources */ = {isa = PBXBuildFile; fileRef = D4E0383B16C4567500330A7F /* MWMessage.m */; };
		D4E0383D16C4567500330A7F /* MWMessage.m in Sources */ = {isa = PBXBuildFile; fileRef = D4E0383B16C4567500330A7F /* MWMessage.m */; };
		D4E0383E16C4567500330A7F /* MWMessage.m in Sources */ = {isa = PBXBuildFile; fileRef = D4E0383B16C4567500330A7F /* MWMessage.m */; };
		D4E0384116C462C800330A7F /* MWMessageStore.m in Sources */ = {isa = PBXBuildFile; fileRef = D4E0384016C462C800330A7F /* MWMessageStore.m */; };
		D4E0384216C462C800330A7F /* MWMessageStore.m in Sources */ = {isa = PBXBuildFile; fileRef = D4E0384016C462C800330A7F /* MWMessageStore.m */; };
		D4E0384316C462C800330A7F /* MWMessageStore.m in Sources */ = {isa = PBXBuildFile; fileRef = D4E0384016C462C800330A7F /* MWMessageStore.m */; };
		D4E0384A16C463C700330A7F /* messages-en.json in Resources */ = {isa = PBXBuildFile; fileRef = D4E0384916C463C700330A7F /* messages-en.json */; };
		D4E0384B16C463C700330A7F /* messages-en.json in Resources */ = {isa = PBXBuildFile; fileRef = D4E0384916C463C700330A7F /* messages-en.json */; };
		D4E0384C16C463C700330A7F /* messages-en.json in Resources */ = {isa = PBXBuildFile; fileRef = D4E0384916C463C700330A7F /* messages-en.json */; };
		D4E0385416C46FDD00330A7F /* MWI18N.m in Sources */ = {isa = PBXBuildFile; fileRef = D4E0385316C46FDD00330A7F /* MWI18N.m */; };
		D4E0385516C46FDD00330A7F /* MWI18N.m in Sources */ = {isa = PBXBuildFile; fileRef = D4E0385316C46FDD00330A7F /* MWI18N.m */; };
		D4E0385616C46FDD00330A7F /* MWI18N.m in Sources */ = {isa = PBXBuildFile; fileRef = D4E0385316C46FDD00330A7F /* MWI18N.m */; };
		D4E0385816C47B5200330A7F /* messages-fr.json in Resources */ = {isa = PBXBuildFile; fileRef = D4E0385716C47B5200330A7F /* messages-fr.json */; };
		D4E0385916C47B5200330A7F /* messages-fr.json in Resources */ = {isa = PBXBuildFile; fileRef = D4E0385716C47B5200330A7F /* messages-fr.json */; };
		D4E0385A16C47B5200330A7F /* messages-fr.json in Resources */ = {isa = PBXBuildFile; fileRef = D4E0385716C47B5200330A7F /* messages-fr.json */; };
		D4E0385C16C47B6C00330A7F /* messages-qqq.json in Resources */ = {isa = PBXBuildFile; fileRef = D4E0385B16C47B6C00330A7F /* messages-qqq.json */; };
		D4E0385D16C47B6C00330A7F /* messages-qqq.json in Resources */ = {isa = PBXBuildFile; fileRef = D4E0385B16C47B6C00330A7F /* messages-qqq.json */; };
		D4E0385E16C47B6C00330A7F /* messages-qqq.json in Resources */ = {isa = PBXBuildFile; fileRef = D4E0385B16C47B6C00330A7F /* messages-qqq.json */; };
		DC0F63DF16BBB73F0017E63C /* defaults.plist in Resources */ = {isa = PBXBuildFile; fileRef = DC0F63DE16BBB73F0017E63C /* defaults.plist */; };
		DC2CB56716B9BD420047977E /* MWNetworkActivityIndicatorManager.m in Sources */ = {isa = PBXBuildFile; fileRef = DC2CB56616B9BD420047977E /* MWNetworkActivityIndicatorManager.m */; };
		DC606FBF16BF28FA006EFA5C /* ImageScrollViewController.m in Sources */ = {isa = PBXBuildFile; fileRef = DC606FBE16BF28FA006EFA5C /* ImageScrollViewController.m */; };
/* End PBXBuildFile section */

/* Begin PBXFileReference section */
		1F7C6BF616BEEE4D00B7C558 /* Reachability.h */ = {isa = PBXFileReference; lastKnownFileType = sourcecode.c.h; path = Reachability.h; sourceTree = "<group>"; };
		1F7C6BF716BEEE4D00B7C558 /* Reachability.m */ = {isa = PBXFileReference; lastKnownFileType = sourcecode.c.objc; path = Reachability.m; sourceTree = "<group>"; };
		1F7C6BF916BEEEF300B7C558 /* SystemConfiguration.framework */ = {isa = PBXFileReference; lastKnownFileType = wrapper.framework; name = SystemConfiguration.framework; path = System/Library/Frameworks/SystemConfiguration.framework; sourceTree = SDKROOT; };
		65137CD416BE4C3B006FA9BD /* Commons-iOS-Logic-Testing.octest */ = {isa = PBXFileReference; explicitFileType = wrapper.cfbundle; includeInIndex = 0; path = "Commons-iOS-Logic-Testing.octest"; sourceTree = BUILT_PRODUCTS_DIR; };
		65137CDB16BE4C3B006FA9BD /* Commons-iOS-Logic-Testing-Info.plist */ = {isa = PBXFileReference; lastKnownFileType = text.plist.xml; path = "Commons-iOS-Logic-Testing-Info.plist"; sourceTree = "<group>"; };
		65137CDD16BE4C3B006FA9BD /* en */ = {isa = PBXFileReference; lastKnownFileType = text.plist.strings; name = en; path = en.lproj/InfoPlist.strings; sourceTree = "<group>"; };
		65137CDF16BE4C3B006FA9BD /* Commons_iOS_Logic_Testing.h */ = {isa = PBXFileReference; lastKnownFileType = sourcecode.c.h; path = Commons_iOS_Logic_Testing.h; sourceTree = "<group>"; };
		65137CE016BE4C3B006FA9BD /* Commons_iOS_Logic_Testing.m */ = {isa = PBXFileReference; lastKnownFileType = sourcecode.c.objc; path = Commons_iOS_Logic_Testing.m; sourceTree = "<group>"; };
		65137CE216BE4C3B006FA9BD /* Commons-iOS-Logic-Testing-Prefix.pch */ = {isa = PBXFileReference; lastKnownFileType = sourcecode.c.h; path = "Commons-iOS-Logic-Testing-Prefix.pch"; sourceTree = "<group>"; };
		65137CF616BE4C8C006FA9BD /* SenTestingKit.framework */ = {isa = PBXFileReference; lastKnownFileType = wrapper.framework; name = SenTestingKit.framework; path = Library/Frameworks/SenTestingKit.framework; sourceTree = DEVELOPER_DIR; };
		65137D0616BE6696006FA9BD /* Commons-iOS-Application-Testing.octest */ = {isa = PBXFileReference; explicitFileType = wrapper.cfbundle; includeInIndex = 0; path = "Commons-iOS-Application-Testing.octest"; sourceTree = BUILT_PRODUCTS_DIR; };
		65137D0C16BE6696006FA9BD /* Commons-iOS-Application-Testing-Info.plist */ = {isa = PBXFileReference; lastKnownFileType = text.plist.xml; path = "Commons-iOS-Application-Testing-Info.plist"; sourceTree = "<group>"; };
		65137D0E16BE6696006FA9BD /* en */ = {isa = PBXFileReference; lastKnownFileType = text.plist.strings; name = en; path = en.lproj/InfoPlist.strings; sourceTree = "<group>"; };
		65137D1016BE6696006FA9BD /* Commons_iOS_Application_Testing.h */ = {isa = PBXFileReference; lastKnownFileType = sourcecode.c.h; path = Commons_iOS_Application_Testing.h; sourceTree = "<group>"; };
		65137D1116BE6696006FA9BD /* Commons_iOS_Application_Testing.m */ = {isa = PBXFileReference; lastKnownFileType = sourcecode.c.objc; path = Commons_iOS_Application_Testing.m; sourceTree = "<group>"; };
		65137D1316BE6696006FA9BD /* Commons-iOS-Application-Testing-Prefix.pch */ = {isa = PBXFileReference; lastKnownFileType = sourcecode.c.h; path = "Commons-iOS-Application-Testing-Prefix.pch"; sourceTree = "<group>"; };
		65137D1816BE69B8006FA9BD /* libOCMock.a */ = {isa = PBXFileReference; lastKnownFileType = archive.ar; name = libOCMock.a; path = "Testing-Libraries/libOCMock.a"; sourceTree = "<group>"; };
		65137D1A16BE69B8006FA9BD /* NSNotificationCenter+OCMAdditions.h */ = {isa = PBXFileReference; fileEncoding = 4; lastKnownFileType = sourcecode.c.h; path = "NSNotificationCenter+OCMAdditions.h"; sourceTree = "<group>"; };
		65137D1B16BE69B8006FA9BD /* OCMArg.h */ = {isa = PBXFileReference; fileEncoding = 4; lastKnownFileType = sourcecode.c.h; path = OCMArg.h; sourceTree = "<group>"; };
		65137D1C16BE69B8006FA9BD /* OCMConstraint.h */ = {isa = PBXFileReference; fileEncoding = 4; lastKnownFileType = sourcecode.c.h; path = OCMConstraint.h; sourceTree = "<group>"; };
		65137D1D16BE69B8006FA9BD /* OCMock.h */ = {isa = PBXFileReference; fileEncoding = 4; lastKnownFileType = sourcecode.c.h; path = OCMock.h; sourceTree = "<group>"; };
		65137D1E16BE69B8006FA9BD /* OCMockObject.h */ = {isa = PBXFileReference; fileEncoding = 4; lastKnownFileType = sourcecode.c.h; path = OCMockObject.h; sourceTree = "<group>"; };
		65137D1F16BE69B8006FA9BD /* OCMockRecorder.h */ = {isa = PBXFileReference; fileEncoding = 4; lastKnownFileType = sourcecode.c.h; path = OCMockRecorder.h; sourceTree = "<group>"; };
		655BF5ED16C1052D00B22299 /* StorageTools.h */ = {isa = PBXFileReference; fileEncoding = 4; lastKnownFileType = sourcecode.c.h; path = StorageTools.h; sourceTree = "<group>"; };
		655BF5EE16C1052D00B22299 /* StorageTools.m */ = {isa = PBXFileReference; fileEncoding = 4; lastKnownFileType = sourcecode.c.objc; path = StorageTools.m; sourceTree = "<group>"; };
		65C4D53C16CCE10B0077E0A2 /* Commons-iOS-GHUnit-Testing.app */ = {isa = PBXFileReference; explicitFileType = wrapper.application; includeInIndex = 0; path = "Commons-iOS-GHUnit-Testing.app"; sourceTree = BUILT_PRODUCTS_DIR; };
		65C4D54216CCE10B0077E0A2 /* Commons-iOS-GHUnit-Testing-Info.plist */ = {isa = PBXFileReference; lastKnownFileType = text.plist.xml; path = "Commons-iOS-GHUnit-Testing-Info.plist"; sourceTree = "<group>"; };
		65C4D54416CCE10B0077E0A2 /* en */ = {isa = PBXFileReference; lastKnownFileType = text.plist.strings; name = en; path = en.lproj/InfoPlist.strings; sourceTree = "<group>"; };
		65C4D54616CCE10B0077E0A2 /* main.m */ = {isa = PBXFileReference; lastKnownFileType = sourcecode.c.objc; path = main.m; sourceTree = "<group>"; };
		65C4D54816CCE10B0077E0A2 /* Commons-iOS-GHUnit-Testing-Prefix.pch */ = {isa = PBXFileReference; lastKnownFileType = sourcecode.c.h; path = "Commons-iOS-GHUnit-Testing-Prefix.pch"; sourceTree = "<group>"; };
		65C4D54C16CCE10B0077E0A2 /* Default.png */ = {isa = PBXFileReference; lastKnownFileType = image.png; path = Default.png; sourceTree = "<group>"; };
		65C4D54E16CCE10B0077E0A2 /* Default@2x.png */ = {isa = PBXFileReference; lastKnownFileType = image.png; path = "Default@2x.png"; sourceTree = "<group>"; };
		65C4D55016CCE10B0077E0A2 /* Default-568h@2x.png */ = {isa = PBXFileReference; lastKnownFileType = image.png; path = "Default-568h@2x.png"; sourceTree = "<group>"; };
		65C4D55516CCE1900077E0A2 /* GHUnitIOS.framework */ = {isa = PBXFileReference; lastKnownFileType = wrapper.framework; name = GHUnitIOS.framework; path = "Testing-Libraries/GHUnitIOS.framework"; sourceTree = "<group>"; };
		65CA697416BFCE3300839D09 /* QuartzCore.framework */ = {isa = PBXFileReference; lastKnownFileType = wrapper.framework; name = QuartzCore.framework; path = System/Library/Frameworks/QuartzCore.framework; sourceTree = SDKROOT; };
		D408616C169B760800D6ACB0 /* Commons-iOS.app */ = {isa = PBXFileReference; explicitFileType = wrapper.application; includeInIndex = 0; path = "Commons-iOS.app"; sourceTree = BUILT_PRODUCTS_DIR; };
		D4086170169B760800D6ACB0 /* UIKit.framework */ = {isa = PBXFileReference; lastKnownFileType = wrapper.framework; name = UIKit.framework; path = System/Library/Frameworks/UIKit.framework; sourceTree = SDKROOT; };
		D4086172169B760800D6ACB0 /* Foundation.framework */ = {isa = PBXFileReference; lastKnownFileType = wrapper.framework; name = Foundation.framework; path = System/Library/Frameworks/Foundation.framework; sourceTree = SDKROOT; };
		D4086174169B760800D6ACB0 /* CoreGraphics.framework */ = {isa = PBXFileReference; lastKnownFileType = wrapper.framework; name = CoreGraphics.framework; path = System/Library/Frameworks/CoreGraphics.framework; sourceTree = SDKROOT; };
		D4086178169B760800D6ACB0 /* Commons-iOS-Info.plist */ = {isa = PBXFileReference; lastKnownFileType = text.plist.xml; path = "Commons-iOS-Info.plist"; sourceTree = "<group>"; };
		D408617A169B760800D6ACB0 /* en */ = {isa = PBXFileReference; lastKnownFileType = text.plist.strings; name = en; path = en.lproj/InfoPlist.strings; sourceTree = "<group>"; };
		D408617C169B760800D6ACB0 /* main.m */ = {isa = PBXFileReference; lastKnownFileType = sourcecode.c.objc; path = main.m; sourceTree = "<group>"; };
		D408617E169B760800D6ACB0 /* Commons-iOS-Prefix.pch */ = {isa = PBXFileReference; lastKnownFileType = sourcecode.c.h; path = "Commons-iOS-Prefix.pch"; sourceTree = "<group>"; };
		D408617F169B760800D6ACB0 /* AppDelegate.h */ = {isa = PBXFileReference; lastKnownFileType = sourcecode.c.h; path = AppDelegate.h; sourceTree = "<group>"; };
		D4086180169B760800D6ACB0 /* AppDelegate.m */ = {isa = PBXFileReference; lastKnownFileType = sourcecode.c.objc; path = AppDelegate.m; sourceTree = "<group>"; };
		D4086182169B760800D6ACB0 /* Default.png */ = {isa = PBXFileReference; lastKnownFileType = image.png; path = Default.png; sourceTree = "<group>"; };
		D4086184169B760800D6ACB0 /* Default@2x.png */ = {isa = PBXFileReference; lastKnownFileType = image.png; path = "Default@2x.png"; sourceTree = "<group>"; };
		D4086186169B760800D6ACB0 /* Default-568h@2x.png */ = {isa = PBXFileReference; lastKnownFileType = image.png; path = "Default-568h@2x.png"; sourceTree = "<group>"; };
		D4086189169B760800D6ACB0 /* en */ = {isa = PBXFileReference; lastKnownFileType = file.storyboard; name = en; path = en.lproj/MainStoryboard.storyboard; sourceTree = "<group>"; };
		D4086196169B791100D6ACB0 /* Commons-logo-57.png */ = {isa = PBXFileReference; lastKnownFileType = image.png; name = "Commons-logo-57.png"; path = "../Commons-logo-57.png"; sourceTree = "<group>"; };
		D4086198169B791400D6ACB0 /* Commons-logo-114.png */ = {isa = PBXFileReference; lastKnownFileType = image.png; name = "Commons-logo-114.png"; path = "../Commons-logo-114.png"; sourceTree = "<group>"; };
		D40CE3CC16BB390A00E63B27 /* Default-Portrait~ipad.png */ = {isa = PBXFileReference; lastKnownFileType = image.png; path = "Default-Portrait~ipad.png"; sourceTree = "<group>"; };
		D40CE3CE16BB390D00E63B27 /* Default-Portrait@2x~ipad.png */ = {isa = PBXFileReference; lastKnownFileType = image.png; path = "Default-Portrait@2x~ipad.png"; sourceTree = "<group>"; };
		D40CE3D016BB391300E63B27 /* Default-Landscape~ipad.png */ = {isa = PBXFileReference; lastKnownFileType = image.png; path = "Default-Landscape~ipad.png"; sourceTree = "<group>"; };
		D40CE3D216BB391500E63B27 /* Default-Landscape@2x~ipad.png */ = {isa = PBXFileReference; lastKnownFileType = image.png; path = "Default-Landscape@2x~ipad.png"; sourceTree = "<group>"; };
		D40CE3D416BB398700E63B27 /* Commons-logo-72.png */ = {isa = PBXFileReference; lastKnownFileType = image.png; path = "Commons-logo-72.png"; sourceTree = "<group>"; };
		D40CE3D616BB398A00E63B27 /* Commons-logo-72@2x.png */ = {isa = PBXFileReference; lastKnownFileType = image.png; path = "Commons-logo-72@2x.png"; sourceTree = "<group>"; };
		D40CE3DC16BB542200E63B27 /* fileicon-pdf.png */ = {isa = PBXFileReference; lastKnownFileType = image.png; path = "fileicon-pdf.png"; sourceTree = "<group>"; };
		D40CE3DD16BB542200E63B27 /* fileicon-svg.png */ = {isa = PBXFileReference; lastKnownFileType = image.png; path = "fileicon-svg.png"; sourceTree = "<group>"; };
		D41B99EE16B1CB2E0045BEB5 /* FileUpload.xcdatamodel */ = {isa = PBXFileReference; lastKnownFileType = wrapper.xcdatamodel; path = FileUpload.xcdatamodel; sourceTree = "<group>"; };
		D41B99F416B1CEB50045BEB5 /* CoreData.framework */ = {isa = PBXFileReference; lastKnownFileType = wrapper.framework; name = CoreData.framework; path = System/Library/Frameworks/CoreData.framework; sourceTree = SDKROOT; };
		D41D280916C18C9F00BC3ABE /* cc-by.png */ = {isa = PBXFileReference; lastKnownFileType = image.png; path = "cc-by.png"; sourceTree = "<group>"; };
		D41D280A16C18C9F00BC3ABE /* cc-by@2x.png */ = {isa = PBXFileReference; lastKnownFileType = image.png; path = "cc-by@2x.png"; sourceTree = "<group>"; };
		D41D280B16C18C9F00BC3ABE /* cc-sa.png */ = {isa = PBXFileReference; lastKnownFileType = image.png; path = "cc-sa.png"; sourceTree = "<group>"; };
		D41D280C16C18C9F00BC3ABE /* cc-sa@2x.png */ = {isa = PBXFileReference; lastKnownFileType = image.png; path = "cc-sa@2x.png"; sourceTree = "<group>"; };
		D41D281116C19C4D00BC3ABE /* ImageListCell.h */ = {isa = PBXFileReference; fileEncoding = 4; lastKnownFileType = sourcecode.c.h; path = ImageListCell.h; sourceTree = "<group>"; };
		D41D281216C19C4D00BC3ABE /* ImageListCell.m */ = {isa = PBXFileReference; fileEncoding = 4; lastKnownFileType = sourcecode.c.objc; path = ImageListCell.m; sourceTree = "<group>"; };
		D41D281516C19CE100BC3ABE /* MyUploadsViewController.h */ = {isa = PBXFileReference; fileEncoding = 4; lastKnownFileType = sourcecode.c.h; path = MyUploadsViewController.h; sourceTree = "<group>"; };
		D41D281616C19CE100BC3ABE /* MyUploadsViewController.m */ = {isa = PBXFileReference; fileEncoding = 4; lastKnownFileType = sourcecode.c.objc; path = MyUploadsViewController.m; sourceTree = "<group>"; };
		D4284F0E16C9C2AA008640B0 /* MWEventLogging.h */ = {isa = PBXFileReference; fileEncoding = 4; lastKnownFileType = sourcecode.c.h; name = MWEventLogging.h; path = MWEventLogging/MWEventLogging.h; sourceTree = "<group>"; };
		D4284F0F16C9C2AA008640B0 /* MWEventLogging.m */ = {isa = PBXFileReference; fileEncoding = 4; lastKnownFileType = sourcecode.c.objc; name = MWEventLogging.m; path = MWEventLogging/MWEventLogging.m; sourceTree = "<group>"; };
		D44DDD3816CC4D6000318FBF /* MWDeferred.h */ = {isa = PBXFileReference; fileEncoding = 4; lastKnownFileType = sourcecode.c.h; name = MWDeferred.h; path = mwapi/MWDeferred.h; sourceTree = "<group>"; };
		D44DDD3916CC4D6000318FBF /* MWDeferred.m */ = {isa = PBXFileReference; fileEncoding = 4; lastKnownFileType = sourcecode.c.objc; name = MWDeferred.m; path = mwapi/MWDeferred.m; sourceTree = "<group>"; };
		D44DDD3A16CC4D6000318FBF /* MWPromise.h */ = {isa = PBXFileReference; fileEncoding = 4; lastKnownFileType = sourcecode.c.h; name = MWPromise.h; path = mwapi/MWPromise.h; sourceTree = "<group>"; };
		D44DDD3B16CC4D6000318FBF /* MWPromise.m */ = {isa = PBXFileReference; fileEncoding = 4; lastKnownFileType = sourcecode.c.objc; name = MWPromise.m; path = mwapi/MWPromise.m; sourceTree = "<group>"; };
		D450A0D816B3477400D1D1E2 /* Http.h */ = {isa = PBXFileReference; lastKnownFileType = sourcecode.c.h; name = Http.h; path = mwapi/Http.h; sourceTree = "<group>"; };
		D450A0D916B3477400D1D1E2 /* MWApi.h */ = {isa = PBXFileReference; lastKnownFileType = sourcecode.c.h; name = MWApi.h; path = mwapi/MWApi.h; sourceTree = "<group>"; };
		D450A0DA16B3477400D1D1E2 /* MWApiMultipartRequestBuilder.h */ = {isa = PBXFileReference; lastKnownFileType = sourcecode.c.h; name = MWApiMultipartRequestBuilder.h; path = mwapi/MWApiMultipartRequestBuilder.h; sourceTree = "<group>"; };
		D450A0DB16B3477400D1D1E2 /* MWApiRequestBuilder.h */ = {isa = PBXFileReference; lastKnownFileType = sourcecode.c.h; name = MWApiRequestBuilder.h; path = mwapi/MWApiRequestBuilder.h; sourceTree = "<group>"; };
		D450A0DC16B3477400D1D1E2 /* MWApiResult.h */ = {isa = PBXFileReference; lastKnownFileType = sourcecode.c.h; name = MWApiResult.h; path = mwapi/MWApiResult.h; sourceTree = "<group>"; };
		D450A0DD16B3477400D1D1E2 /* NSString+Extras.h */ = {isa = PBXFileReference; lastKnownFileType = sourcecode.c.h; name = "NSString+Extras.h"; path = "mwapi/NSString+Extras.h"; sourceTree = "<group>"; };
		D450A0DE16B3477400D1D1E2 /* NSURLRequest+DictionaryRequest.h */ = {isa = PBXFileReference; lastKnownFileType = sourcecode.c.h; name = "NSURLRequest+DictionaryRequest.h"; path = "mwapi/NSURLRequest+DictionaryRequest.h"; sourceTree = "<group>"; };
		D450A0DF16B347BE00D1D1E2 /* SettingsViewController.h */ = {isa = PBXFileReference; fileEncoding = 4; lastKnownFileType = sourcecode.c.h; path = SettingsViewController.h; sourceTree = "<group>"; };
		D450A0E016B347BE00D1D1E2 /* SettingsViewController.m */ = {isa = PBXFileReference; fileEncoding = 4; lastKnownFileType = sourcecode.c.objc; path = SettingsViewController.m; sourceTree = "<group>"; };
		D450A0E216B34ADD00D1D1E2 /* CommonsApp.h */ = {isa = PBXFileReference; fileEncoding = 4; lastKnownFileType = sourcecode.c.h; path = CommonsApp.h; sourceTree = "<group>"; };
		D450A0E316B34ADD00D1D1E2 /* CommonsApp.m */ = {isa = PBXFileReference; fileEncoding = 4; lastKnownFileType = sourcecode.c.objc; path = CommonsApp.m; sourceTree = "<group>"; };
		D450A0F716B366E200D1D1E2 /* FileUpload.h */ = {isa = PBXFileReference; fileEncoding = 4; lastKnownFileType = sourcecode.c.h; path = FileUpload.h; sourceTree = "<group>"; };
		D450A0F816B366E200D1D1E2 /* FileUpload.m */ = {isa = PBXFileReference; fileEncoding = 4; lastKnownFileType = sourcecode.c.objc; path = FileUpload.m; sourceTree = "<group>"; };
		D4896B5016B5C97D009A35FA /* AssetsLibrary.framework */ = {isa = PBXFileReference; lastKnownFileType = wrapper.framework; name = AssetsLibrary.framework; path = System/Library/Frameworks/AssetsLibrary.framework; sourceTree = SDKROOT; };
		D4AFF27316B886FD003D96F3 /* DetailTableViewController.h */ = {isa = PBXFileReference; fileEncoding = 4; lastKnownFileType = sourcecode.c.h; path = DetailTableViewController.h; sourceTree = "<group>"; };
		D4AFF27416B886FD003D96F3 /* DetailTableViewController.m */ = {isa = PBXFileReference; fileEncoding = 4; lastKnownFileType = sourcecode.c.objc; path = DetailTableViewController.m; sourceTree = "<group>"; };
		D4B83E1D16BC8B3F00ABAF94 /* WebViewController.h */ = {isa = PBXFileReference; fileEncoding = 4; lastKnownFileType = sourcecode.c.h; path = WebViewController.h; sourceTree = "<group>"; };
		D4B83E1E16BC8B4000ABAF94 /* WebViewController.m */ = {isa = PBXFileReference; fileEncoding = 4; lastKnownFileType = sourcecode.c.objc; path = WebViewController.m; sourceTree = "<group>"; };
		D4B83E2016BC950900ABAF94 /* BrowserHelper.h */ = {isa = PBXFileReference; fileEncoding = 4; lastKnownFileType = sourcecode.c.h; path = BrowserHelper.h; sourceTree = "<group>"; };
		D4B83E2116BC950900ABAF94 /* BrowserHelper.m */ = {isa = PBXFileReference; fileEncoding = 4; lastKnownFileType = sourcecode.c.objc; path = BrowserHelper.m; sourceTree = "<group>"; };
		D4C08F2916AF47300069172D /* Security.framework */ = {isa = PBXFileReference; lastKnownFileType = wrapper.framework; name = Security.framework; path = System/Library/Frameworks/Security.framework; sourceTree = SDKROOT; };
		D4D0E1E7169BA0F4003047A8 /* mwapi */ = {isa = PBXFileReference; lastKnownFileType = folder; path = mwapi; sourceTree = "<group>"; };
		D4D0E1E9169BA5E2003047A8 /* Http.m */ = {isa = PBXFileReference; lastKnownFileType = sourcecode.c.objc; name = Http.m; path = mwapi/Http.m; sourceTree = "<group>"; };
		D4D0E1EA169BA5E2003047A8 /* MWApi.m */ = {isa = PBXFileReference; lastKnownFileType = sourcecode.c.objc; name = MWApi.m; path = mwapi/MWApi.m; sourceTree = "<group>"; };
		D4D0E1EB169BA5E2003047A8 /* MWApiMultipartRequestBuilder.m */ = {isa = PBXFileReference; lastKnownFileType = sourcecode.c.objc; name = MWApiMultipartRequestBuilder.m; path = mwapi/MWApiMultipartRequestBuilder.m; sourceTree = "<group>"; };
		D4D0E1ED169BA5E2003047A8 /* MWApiRequestBuilder.m */ = {isa = PBXFileReference; lastKnownFileType = sourcecode.c.objc; name = MWApiRequestBuilder.m; path = mwapi/MWApiRequestBuilder.m; sourceTree = "<group>"; };
		D4D0E1EE169BA5E2003047A8 /* MWApiResult.m */ = {isa = PBXFileReference; lastKnownFileType = sourcecode.c.objc; name = MWApiResult.m; path = mwapi/MWApiResult.m; sourceTree = "<group>"; };
		D4D0E1EF169BA5E2003047A8 /* NSString+Extras.m */ = {isa = PBXFileReference; lastKnownFileType = sourcecode.c.objc; name = "NSString+Extras.m"; path = "mwapi/NSString+Extras.m"; sourceTree = "<group>"; };
		D4D0E1F0169BA5E2003047A8 /* NSURLRequest+DictionaryRequest.m */ = {isa = PBXFileReference; lastKnownFileType = sourcecode.c.objc; name = "NSURLRequest+DictionaryRequest.m"; path = "mwapi/NSURLRequest+DictionaryRequest.m"; sourceTree = "<group>"; };
		D4E0383A16C4567500330A7F /* MWMessage.h */ = {isa = PBXFileReference; fileEncoding = 4; lastKnownFileType = sourcecode.c.h; name = MWMessage.h; path = MWI18N/MWMessage.h; sourceTree = "<group>"; };
		D4E0383B16C4567500330A7F /* MWMessage.m */ = {isa = PBXFileReference; fileEncoding = 4; lastKnownFileType = sourcecode.c.objc; name = MWMessage.m; path = MWI18N/MWMessage.m; sourceTree = "<group>"; };
		D4E0383F16C462C800330A7F /* MWMessageStore.h */ = {isa = PBXFileReference; fileEncoding = 4; lastKnownFileType = sourcecode.c.h; name = MWMessageStore.h; path = MWI18N/MWMessageStore.h; sourceTree = "<group>"; };
		D4E0384016C462C800330A7F /* MWMessageStore.m */ = {isa = PBXFileReference; fileEncoding = 4; lastKnownFileType = sourcecode.c.objc; name = MWMessageStore.m; path = MWI18N/MWMessageStore.m; sourceTree = "<group>"; };
		D4E0384916C463C700330A7F /* messages-en.json */ = {isa = PBXFileReference; fileEncoding = 4; lastKnownFileType = text.json; name = "messages-en.json"; path = "messages/messages-en.json"; sourceTree = "<group>"; };
		D4E0385216C46FDD00330A7F /* MWI18N.h */ = {isa = PBXFileReference; fileEncoding = 4; lastKnownFileType = sourcecode.c.h; name = MWI18N.h; path = MWI18N/MWI18N.h; sourceTree = "<group>"; };
		D4E0385316C46FDD00330A7F /* MWI18N.m */ = {isa = PBXFileReference; fileEncoding = 4; lastKnownFileType = sourcecode.c.objc; name = MWI18N.m; path = MWI18N/MWI18N.m; sourceTree = "<group>"; };
		D4E0385716C47B5200330A7F /* messages-fr.json */ = {isa = PBXFileReference; fileEncoding = 4; lastKnownFileType = text.json; name = "messages-fr.json"; path = "messages/messages-fr.json"; sourceTree = "<group>"; };
		D4E0385B16C47B6C00330A7F /* messages-qqq.json */ = {isa = PBXFileReference; fileEncoding = 4; lastKnownFileType = text.json; name = "messages-qqq.json"; path = "messages/messages-qqq.json"; sourceTree = "<group>"; };
		DC0F63DE16BBB73F0017E63C /* defaults.plist */ = {isa = PBXFileReference; fileEncoding = 4; lastKnownFileType = text.plist.xml; path = defaults.plist; sourceTree = "<group>"; };
		DC2CB56516B9BD420047977E /* MWNetworkActivityIndicatorManager.h */ = {isa = PBXFileReference; fileEncoding = 4; lastKnownFileType = sourcecode.c.h; name = MWNetworkActivityIndicatorManager.h; path = mwapi/MWNetworkActivityIndicatorManager.h; sourceTree = "<group>"; };
		DC2CB56616B9BD420047977E /* MWNetworkActivityIndicatorManager.m */ = {isa = PBXFileReference; fileEncoding = 4; lastKnownFileType = sourcecode.c.objc; name = MWNetworkActivityIndicatorManager.m; path = mwapi/MWNetworkActivityIndicatorManager.m; sourceTree = "<group>"; };
		DC606FBD16BF28FA006EFA5C /* ImageScrollViewController.h */ = {isa = PBXFileReference; fileEncoding = 4; lastKnownFileType = sourcecode.c.h; path = ImageScrollViewController.h; sourceTree = "<group>"; };
		DC606FBE16BF28FA006EFA5C /* ImageScrollViewController.m */ = {isa = PBXFileReference; fileEncoding = 4; lastKnownFileType = sourcecode.c.objc; path = ImageScrollViewController.m; sourceTree = "<group>"; };
/* End PBXFileReference section */

/* Begin PBXFrameworksBuildPhase section */
		65137CD016BE4C3B006FA9BD /* Frameworks */ = {
			isa = PBXFrameworksBuildPhase;
			buildActionMask = 2147483647;
			files = (
				65137CF716BE4C8C006FA9BD /* SenTestingKit.framework in Frameworks */,
				65CA699916C0687100839D09 /* QuartzCore.framework in Frameworks */,
				65CA699A16C0687400839D09 /* AssetsLibrary.framework in Frameworks */,
				65CA699B16C0687600839D09 /* CoreData.framework in Frameworks */,
				65137CD816BE4C3B006FA9BD /* Foundation.framework in Frameworks */,
				65CA699D16C0687C00839D09 /* CoreGraphics.framework in Frameworks */,
				65137CD716BE4C3B006FA9BD /* UIKit.framework in Frameworks */,
				65CA699C16C0687700839D09 /* Security.framework in Frameworks */,
				65137D2016BE69B8006FA9BD /* libOCMock.a in Frameworks */,
			);
			runOnlyForDeploymentPostprocessing = 0;
		};
		65137D0216BE6696006FA9BD /* Frameworks */ = {
			isa = PBXFrameworksBuildPhase;
			buildActionMask = 2147483647;
			files = (
				65137D0716BE6696006FA9BD /* SenTestingKit.framework in Frameworks */,
				65CA699416C0685600839D09 /* QuartzCore.framework in Frameworks */,
				65CA699516C0685900839D09 /* AssetsLibrary.framework in Frameworks */,
				65CA699616C0685B00839D09 /* CoreData.framework in Frameworks */,
				65CA699716C0685D00839D09 /* Security.framework in Frameworks */,
				65CA699816C0686200839D09 /* CoreGraphics.framework in Frameworks */,
				65137D0816BE6696006FA9BD /* UIKit.framework in Frameworks */,
				65137D0916BE6696006FA9BD /* Foundation.framework in Frameworks */,
				65CA699316C05BF400839D09 /* libOCMock.a in Frameworks */,
			);
			runOnlyForDeploymentPostprocessing = 0;
		};
		65C4D53916CCE10B0077E0A2 /* Frameworks */ = {
			isa = PBXFrameworksBuildPhase;
			buildActionMask = 2147483647;
			files = (
				65C4D53D16CCE10B0077E0A2 /* UIKit.framework in Frameworks */,
				65C4D53E16CCE10B0077E0A2 /* Foundation.framework in Frameworks */,
				65C4D53F16CCE10B0077E0A2 /* CoreGraphics.framework in Frameworks */,
				65C4D55616CCE1900077E0A2 /* GHUnitIOS.framework in Frameworks */,
			);
			runOnlyForDeploymentPostprocessing = 0;
		};
		D4086169169B760800D6ACB0 /* Frameworks */ = {
			isa = PBXFrameworksBuildPhase;
			buildActionMask = 2147483647;
			files = (
				1F7C6BFA16BEEEF300B7C558 /* SystemConfiguration.framework in Frameworks */,
				65CA697516BFCE3300839D09 /* QuartzCore.framework in Frameworks */,
				D4896B5116B5C97D009A35FA /* AssetsLibrary.framework in Frameworks */,
				D41B99F516B1CEB50045BEB5 /* CoreData.framework in Frameworks */,
				D4C08F2A16AF47300069172D /* Security.framework in Frameworks */,
				D4086171169B760800D6ACB0 /* UIKit.framework in Frameworks */,
				D4086173169B760800D6ACB0 /* Foundation.framework in Frameworks */,
				D4086175169B760800D6ACB0 /* CoreGraphics.framework in Frameworks */,
			);
			runOnlyForDeploymentPostprocessing = 0;
		};
/* End PBXFrameworksBuildPhase section */

/* Begin PBXGroup section */
		65137CD916BE4C3B006FA9BD /* Commons-iOS-Logic-Testing */ = {
			isa = PBXGroup;
			children = (
				65137CDF16BE4C3B006FA9BD /* Commons_iOS_Logic_Testing.h */,
				65137CE016BE4C3B006FA9BD /* Commons_iOS_Logic_Testing.m */,
				65137CDA16BE4C3B006FA9BD /* Supporting Files */,
			);
			path = "Commons-iOS-Logic-Testing";
			sourceTree = "<group>";
		};
		65137CDA16BE4C3B006FA9BD /* Supporting Files */ = {
			isa = PBXGroup;
			children = (
				65137CDB16BE4C3B006FA9BD /* Commons-iOS-Logic-Testing-Info.plist */,
				65137CDC16BE4C3B006FA9BD /* InfoPlist.strings */,
				65137CE216BE4C3B006FA9BD /* Commons-iOS-Logic-Testing-Prefix.pch */,
			);
			name = "Supporting Files";
			sourceTree = "<group>";
		};
		65137D0A16BE6696006FA9BD /* Commons-iOS-Application-Testing */ = {
			isa = PBXGroup;
			children = (
				65137D1016BE6696006FA9BD /* Commons_iOS_Application_Testing.h */,
				65137D1116BE6696006FA9BD /* Commons_iOS_Application_Testing.m */,
				65137D0B16BE6696006FA9BD /* Supporting Files */,
			);
			path = "Commons-iOS-Application-Testing";
			sourceTree = "<group>";
		};
		65137D0B16BE6696006FA9BD /* Supporting Files */ = {
			isa = PBXGroup;
			children = (
				65137D0C16BE6696006FA9BD /* Commons-iOS-Application-Testing-Info.plist */,
				65137D0D16BE6696006FA9BD /* InfoPlist.strings */,
				65137D1316BE6696006FA9BD /* Commons-iOS-Application-Testing-Prefix.pch */,
			);
			name = "Supporting Files";
			sourceTree = "<group>";
		};
		65137D1716BE6999006FA9BD /* Testing-Libraries */ = {
			isa = PBXGroup;
			children = (
				65C4D55516CCE1900077E0A2 /* GHUnitIOS.framework */,
				65137D1816BE69B8006FA9BD /* libOCMock.a */,
				65137D1916BE69B8006FA9BD /* OCMock */,
			);
			name = "Testing-Libraries";
			sourceTree = "<group>";
		};
		65137D1916BE69B8006FA9BD /* OCMock */ = {
			isa = PBXGroup;
			children = (
				65137D1A16BE69B8006FA9BD /* NSNotificationCenter+OCMAdditions.h */,
				65137D1B16BE69B8006FA9BD /* OCMArg.h */,
				65137D1C16BE69B8006FA9BD /* OCMConstraint.h */,
				65137D1D16BE69B8006FA9BD /* OCMock.h */,
				65137D1E16BE69B8006FA9BD /* OCMockObject.h */,
				65137D1F16BE69B8006FA9BD /* OCMockRecorder.h */,
			);
			name = OCMock;
			path = "Testing-Libraries/OCMock";
			sourceTree = "<group>";
		};
		655BF5EC16C104CD00B22299 /* Utilities */ = {
			isa = PBXGroup;
			children = (
				655BF5ED16C1052D00B22299 /* StorageTools.h */,
				655BF5EE16C1052D00B22299 /* StorageTools.m */,
			);
			name = Utilities;
			sourceTree = "<group>";
		};
		65C4D54016CCE10B0077E0A2 /* Commons-iOS-GHUnit-Testing */ = {
			isa = PBXGroup;
			children = (
				65C4D54116CCE10B0077E0A2 /* Supporting Files */,
			);
			path = "Commons-iOS-GHUnit-Testing";
			sourceTree = "<group>";
		};
		65C4D54116CCE10B0077E0A2 /* Supporting Files */ = {
			isa = PBXGroup;
			children = (
				65C4D54216CCE10B0077E0A2 /* Commons-iOS-GHUnit-Testing-Info.plist */,
				65C4D54316CCE10B0077E0A2 /* InfoPlist.strings */,
				65C4D54616CCE10B0077E0A2 /* main.m */,
				65C4D54816CCE10B0077E0A2 /* Commons-iOS-GHUnit-Testing-Prefix.pch */,
				65C4D54C16CCE10B0077E0A2 /* Default.png */,
				65C4D54E16CCE10B0077E0A2 /* Default@2x.png */,
				65C4D55016CCE10B0077E0A2 /* Default-568h@2x.png */,
			);
			name = "Supporting Files";
			sourceTree = "<group>";
		};
		D4086161169B760800D6ACB0 = {
			isa = PBXGroup;
			children = (
				D40CE3D616BB398A00E63B27 /* Commons-logo-72@2x.png */,
				D40CE3D416BB398700E63B27 /* Commons-logo-72.png */,
				D40CE3D216BB391500E63B27 /* Default-Landscape@2x~ipad.png */,
				D40CE3D016BB391300E63B27 /* Default-Landscape~ipad.png */,
				D40CE3CE16BB390D00E63B27 /* Default-Portrait@2x~ipad.png */,
				D40CE3CC16BB390A00E63B27 /* Default-Portrait~ipad.png */,
				D4D0E1C7169BA036003047A8 /* API headers */,
				D4086176169B760800D6ACB0 /* Commons-iOS */,
				65137CD916BE4C3B006FA9BD /* Commons-iOS-Logic-Testing */,
				65137D0A16BE6696006FA9BD /* Commons-iOS-Application-Testing */,
				65C4D54016CCE10B0077E0A2 /* Commons-iOS-GHUnit-Testing */,
				65137D1716BE6999006FA9BD /* Testing-Libraries */,
				D408616F169B760800D6ACB0 /* Frameworks */,
				D408616D169B760800D6ACB0 /* Products */,
			);
			sourceTree = "<group>";
		};
		D408616D169B760800D6ACB0 /* Products */ = {
			isa = PBXGroup;
			children = (
				D408616C169B760800D6ACB0 /* Commons-iOS.app */,
				65137CD416BE4C3B006FA9BD /* Commons-iOS-Logic-Testing.octest */,
				65137D0616BE6696006FA9BD /* Commons-iOS-Application-Testing.octest */,
				65C4D53C16CCE10B0077E0A2 /* Commons-iOS-GHUnit-Testing.app */,
			);
			name = Products;
			sourceTree = "<group>";
		};
		D408616F169B760800D6ACB0 /* Frameworks */ = {
			isa = PBXGroup;
			children = (
				1F7C6BF916BEEEF300B7C558 /* SystemConfiguration.framework */,
				65CA697416BFCE3300839D09 /* QuartzCore.framework */,
				65137CF616BE4C8C006FA9BD /* SenTestingKit.framework */,
				D4896B5016B5C97D009A35FA /* AssetsLibrary.framework */,
				D41B99F416B1CEB50045BEB5 /* CoreData.framework */,
				D4C08F2916AF47300069172D /* Security.framework */,
				D4086170169B760800D6ACB0 /* UIKit.framework */,
				D4086172169B760800D6ACB0 /* Foundation.framework */,
				D4086174169B760800D6ACB0 /* CoreGraphics.framework */,
			);
			name = Frameworks;
			sourceTree = "<group>";
		};
		D4086176169B760800D6ACB0 /* Commons-iOS */ = {
			isa = PBXGroup;
			children = (
				1F7C6BF616BEEE4D00B7C558 /* Reachability.h */,
				1F7C6BF716BEEE4D00B7C558 /* Reachability.m */,
				D4E0383416C44C4B00330A7F /* mwi18n */,
				D4294E28169CC34E00BCF709 /* mwapi */,
				D4284F1116C9C32D008640B0 /* MWEventLogging */,
				D450A0D716B3473A00D1D1E2 /* View Controllers */,
				D450A0D516B3471A00D1D1E2 /* Data Model */,
				655BF5EC16C104CD00B22299 /* Utilities */,
				D4086177169B760800D6ACB0 /* Supporting Files */,
				D450A0E216B34ADD00D1D1E2 /* CommonsApp.h */,
				D450A0E316B34ADD00D1D1E2 /* CommonsApp.m */,
				D4086188169B760800D6ACB0 /* MainStoryboard.storyboard */,
				D4B83E2016BC950900ABAF94 /* BrowserHelper.h */,
				D4B83E2116BC950900ABAF94 /* BrowserHelper.m */,
			);
			path = "Commons-iOS";
			sourceTree = "<group>";
		};
		D4086177169B760800D6ACB0 /* Supporting Files */ = {
			isa = PBXGroup;
			children = (
				D41D280916C18C9F00BC3ABE /* cc-by.png */,
				D41D280A16C18C9F00BC3ABE /* cc-by@2x.png */,
				D41D280B16C18C9F00BC3ABE /* cc-sa.png */,
				D41D280C16C18C9F00BC3ABE /* cc-sa@2x.png */,
				D40CE3DC16BB542200E63B27 /* fileicon-pdf.png */,
				D40CE3DD16BB542200E63B27 /* fileicon-svg.png */,
				D4086198169B791400D6ACB0 /* Commons-logo-114.png */,
				D4086196169B791100D6ACB0 /* Commons-logo-57.png */,
				D4086178169B760800D6ACB0 /* Commons-iOS-Info.plist */,
				D4086179169B760800D6ACB0 /* InfoPlist.strings */,
				D408617C169B760800D6ACB0 /* main.m */,
				D408617E169B760800D6ACB0 /* Commons-iOS-Prefix.pch */,
				D4086182169B760800D6ACB0 /* Default.png */,
				D4086184169B760800D6ACB0 /* Default@2x.png */,
				D4086186169B760800D6ACB0 /* Default-568h@2x.png */,
				DC0F63DE16BBB73F0017E63C /* defaults.plist */,
				D4E0384D16C463D300330A7F /* Messages */,
			);
			name = "Supporting Files";
			sourceTree = "<group>";
		};
		D4284F1116C9C32D008640B0 /* MWEventLogging */ = {
			isa = PBXGroup;
			children = (
				D4284F0E16C9C2AA008640B0 /* MWEventLogging.h */,
				D4284F0F16C9C2AA008640B0 /* MWEventLogging.m */,
			);
			name = MWEventLogging;
			sourceTree = "<group>";
		};
		D4294E28169CC34E00BCF709 /* mwapi */ = {
			isa = PBXGroup;
			children = (
				D44DDD3816CC4D6000318FBF /* MWDeferred.h */,
				D44DDD3916CC4D6000318FBF /* MWDeferred.m */,
				D44DDD3A16CC4D6000318FBF /* MWPromise.h */,
				D44DDD3B16CC4D6000318FBF /* MWPromise.m */,
				D4D0E1E7169BA0F4003047A8 /* mwapi */,
				D450A0D816B3477400D1D1E2 /* Http.h */,
				D450A0D916B3477400D1D1E2 /* MWApi.h */,
				D450A0DA16B3477400D1D1E2 /* MWApiMultipartRequestBuilder.h */,
				D450A0DB16B3477400D1D1E2 /* MWApiRequestBuilder.h */,
				D450A0DC16B3477400D1D1E2 /* MWApiResult.h */,
				D450A0DD16B3477400D1D1E2 /* NSString+Extras.h */,
				D450A0DE16B3477400D1D1E2 /* NSURLRequest+DictionaryRequest.h */,
				D4D0E1E9169BA5E2003047A8 /* Http.m */,
				D4D0E1EA169BA5E2003047A8 /* MWApi.m */,
				D4D0E1EB169BA5E2003047A8 /* MWApiMultipartRequestBuilder.m */,
				D4D0E1ED169BA5E2003047A8 /* MWApiRequestBuilder.m */,
				D4D0E1EE169BA5E2003047A8 /* MWApiResult.m */,
				D4D0E1EF169BA5E2003047A8 /* NSString+Extras.m */,
				D4D0E1F0169BA5E2003047A8 /* NSURLRequest+DictionaryRequest.m */,
				DC2CB56516B9BD420047977E /* MWNetworkActivityIndicatorManager.h */,
				DC2CB56616B9BD420047977E /* MWNetworkActivityIndicatorManager.m */,
			);
			name = mwapi;
			sourceTree = "<group>";
		};
		D450A0D516B3471A00D1D1E2 /* Data Model */ = {
			isa = PBXGroup;
			children = (
				D41B99ED16B1CB2E0045BEB5 /* FileUpload.xcdatamodeld */,
				D450A0F716B366E200D1D1E2 /* FileUpload.h */,
				D450A0F816B366E200D1D1E2 /* FileUpload.m */,
			);
			name = "Data Model";
			sourceTree = "<group>";
		};
		D450A0D716B3473A00D1D1E2 /* View Controllers */ = {
			isa = PBXGroup;
			children = (
				D408617F169B760800D6ACB0 /* AppDelegate.h */,
				D4086180169B760800D6ACB0 /* AppDelegate.m */,
				D450A0DF16B347BE00D1D1E2 /* SettingsViewController.h */,
				D450A0E016B347BE00D1D1E2 /* SettingsViewController.m */,
				D4AFF27316B886FD003D96F3 /* DetailTableViewController.h */,
				D4AFF27416B886FD003D96F3 /* DetailTableViewController.m */,
				D4B83E1D16BC8B3F00ABAF94 /* WebViewController.h */,
				D4B83E1E16BC8B4000ABAF94 /* WebViewController.m */,
				DC606FBD16BF28FA006EFA5C /* ImageScrollViewController.h */,
				DC606FBE16BF28FA006EFA5C /* ImageScrollViewController.m */,
				D41D281116C19C4D00BC3ABE /* ImageListCell.h */,
				D41D281216C19C4D00BC3ABE /* ImageListCell.m */,
				D41D281516C19CE100BC3ABE /* MyUploadsViewController.h */,
				D41D281616C19CE100BC3ABE /* MyUploadsViewController.m */,
			);
			name = "View Controllers";
			sourceTree = "<group>";
		};
		D4D0E1C7169BA036003047A8 /* API headers */ = {
			isa = PBXGroup;
			children = (
			);
			name = "API headers";
			sourceTree = "<group>";
		};
		D4E0383416C44C4B00330A7F /* mwi18n */ = {
			isa = PBXGroup;
			children = (
				D4E0383A16C4567500330A7F /* MWMessage.h */,
				D4E0383B16C4567500330A7F /* MWMessage.m */,
				D4E0383F16C462C800330A7F /* MWMessageStore.h */,
				D4E0384016C462C800330A7F /* MWMessageStore.m */,
				D4E0385216C46FDD00330A7F /* MWI18N.h */,
				D4E0385316C46FDD00330A7F /* MWI18N.m */,
			);
			name = mwi18n;
			sourceTree = "<group>";
		};
		D4E0384D16C463D300330A7F /* Messages */ = {
			isa = PBXGroup;
			children = (
				D4E0384916C463C700330A7F /* messages-en.json */,
				D4E0385716C47B5200330A7F /* messages-fr.json */,
				D4E0385B16C47B6C00330A7F /* messages-qqq.json */,
			);
			name = Messages;
			sourceTree = "<group>";
		};
/* End PBXGroup section */

/* Begin PBXNativeTarget section */
		65137CD316BE4C3B006FA9BD /* Commons-iOS-Logic-Testing */ = {
			isa = PBXNativeTarget;
			buildConfigurationList = 65137CE516BE4C3B006FA9BD /* Build configuration list for PBXNativeTarget "Commons-iOS-Logic-Testing" */;
			buildPhases = (
				65137CCF16BE4C3B006FA9BD /* Sources */,
				65137CD016BE4C3B006FA9BD /* Frameworks */,
				65137CD116BE4C3B006FA9BD /* Resources */,
				65137CD216BE4C3B006FA9BD /* ShellScript */,
			);
			buildRules = (
			);
			dependencies = (
			);
			name = "Commons-iOS-Logic-Testing";
			productName = "Commons-iOS-Logic-Testing";
			productReference = 65137CD416BE4C3B006FA9BD /* Commons-iOS-Logic-Testing.octest */;
			productType = "com.apple.product-type.bundle";
		};
		65137D0516BE6696006FA9BD /* Commons-iOS-Application-Testing */ = {
			isa = PBXNativeTarget;
			buildConfigurationList = 65137D1416BE6696006FA9BD /* Build configuration list for PBXNativeTarget "Commons-iOS-Application-Testing" */;
			buildPhases = (
				65137D0116BE6696006FA9BD /* Sources */,
				65137D0216BE6696006FA9BD /* Frameworks */,
				65137D0316BE6696006FA9BD /* Resources */,
				65137D0416BE6696006FA9BD /* ShellScript */,
			);
			buildRules = (
			);
			dependencies = (
			);
			name = "Commons-iOS-Application-Testing";
			productName = "Commons-iOS-Application-Testing";
			productReference = 65137D0616BE6696006FA9BD /* Commons-iOS-Application-Testing.octest */;
			productType = "com.apple.product-type.bundle";
		};
		65C4D53B16CCE10B0077E0A2 /* Commons-iOS-GHUnit-Testing */ = {
			isa = PBXNativeTarget;
			buildConfigurationList = 65C4D55416CCE10B0077E0A2 /* Build configuration list for PBXNativeTarget "Commons-iOS-GHUnit-Testing" */;
			buildPhases = (
				65C4D53816CCE10B0077E0A2 /* Sources */,
				65C4D53916CCE10B0077E0A2 /* Frameworks */,
				65C4D53A16CCE10B0077E0A2 /* Resources */,
			);
			buildRules = (
			);
			dependencies = (
			);
			name = "Commons-iOS-GHUnit-Testing";
			productName = "Commons-iOS-GHUnit-Testing";
			productReference = 65C4D53C16CCE10B0077E0A2 /* Commons-iOS-GHUnit-Testing.app */;
			productType = "com.apple.product-type.application";
		};
		D408616B169B760800D6ACB0 /* Commons-iOS */ = {
			isa = PBXNativeTarget;
			buildConfigurationList = D4086193169B760800D6ACB0 /* Build configuration list for PBXNativeTarget "Commons-iOS" */;
			buildPhases = (
				D4086168169B760800D6ACB0 /* Sources */,
				D4086169169B760800D6ACB0 /* Frameworks */,
				D408616A169B760800D6ACB0 /* Resources */,
			);
			buildRules = (
			);
			dependencies = (
			);
			name = "Commons-iOS";
			productName = "Commons-iOS";
			productReference = D408616C169B760800D6ACB0 /* Commons-iOS.app */;
			productType = "com.apple.product-type.application";
		};
/* End PBXNativeTarget section */

/* Begin PBXProject section */
		D4086163169B760800D6ACB0 /* Project object */ = {
			isa = PBXProject;
			attributes = {
				LastUpgradeCheck = 0450;
				ORGANIZATIONNAME = Wikimedia;
			};
			buildConfigurationList = D4086166169B760800D6ACB0 /* Build configuration list for PBXProject "Commons-iOS" */;
			compatibilityVersion = "Xcode 3.2";
			developmentRegion = English;
			hasScannedForEncodings = 0;
			knownRegions = (
				en,
			);
			mainGroup = D4086161169B760800D6ACB0;
			productRefGroup = D408616D169B760800D6ACB0 /* Products */;
			projectDirPath = "";
			projectRoot = "";
			targets = (
				D408616B169B760800D6ACB0 /* Commons-iOS */,
				65137CD316BE4C3B006FA9BD /* Commons-iOS-Logic-Testing */,
				65137D0516BE6696006FA9BD /* Commons-iOS-Application-Testing */,
				65C4D53B16CCE10B0077E0A2 /* Commons-iOS-GHUnit-Testing */,
			);
		};
/* End PBXProject section */

/* Begin PBXResourcesBuildPhase section */
		65137CD116BE4C3B006FA9BD /* Resources */ = {
			isa = PBXResourcesBuildPhase;
			buildActionMask = 2147483647;
			files = (
				65137CDE16BE4C3B006FA9BD /* InfoPlist.strings in Resources */,
				D4E0384B16C463C700330A7F /* messages-en.json in Resources */,
				D4E0385916C47B5200330A7F /* messages-fr.json in Resources */,
				D4E0385D16C47B6C00330A7F /* messages-qqq.json in Resources */,
			);
			runOnlyForDeploymentPostprocessing = 0;
		};
		65137D0316BE6696006FA9BD /* Resources */ = {
			isa = PBXResourcesBuildPhase;
			buildActionMask = 2147483647;
			files = (
				65137D0F16BE6696006FA9BD /* InfoPlist.strings in Resources */,
				D4E0384C16C463C700330A7F /* messages-en.json in Resources */,
				D4E0385A16C47B5200330A7F /* messages-fr.json in Resources */,
				D4E0385E16C47B6C00330A7F /* messages-qqq.json in Resources */,
			);
			runOnlyForDeploymentPostprocessing = 0;
		};
		65C4D53A16CCE10B0077E0A2 /* Resources */ = {
			isa = PBXResourcesBuildPhase;
			buildActionMask = 2147483647;
			files = (
				65C4D54516CCE10B0077E0A2 /* InfoPlist.strings in Resources */,
				65C4D54D16CCE10B0077E0A2 /* Default.png in Resources */,
				65C4D54F16CCE10B0077E0A2 /* Default@2x.png in Resources */,
				65C4D55116CCE10B0077E0A2 /* Default-568h@2x.png in Resources */,
			);
			runOnlyForDeploymentPostprocessing = 0;
		};
		D408616A169B760800D6ACB0 /* Resources */ = {
			isa = PBXResourcesBuildPhase;
			buildActionMask = 2147483647;
			files = (
				D408617B169B760800D6ACB0 /* InfoPlist.strings in Resources */,
				D4086183169B760800D6ACB0 /* Default.png in Resources */,
				D4086185169B760800D6ACB0 /* Default@2x.png in Resources */,
				D4086187169B760800D6ACB0 /* Default-568h@2x.png in Resources */,
				D408618A169B760800D6ACB0 /* MainStoryboard.storyboard in Resources */,
				D4086197169B791100D6ACB0 /* Commons-logo-57.png in Resources */,
				D4086199169B791400D6ACB0 /* Commons-logo-114.png in Resources */,
				D4D0E1E8169BA0F4003047A8 /* mwapi in Resources */,
				D40CE3CD16BB390A00E63B27 /* Default-Portrait~ipad.png in Resources */,
				D40CE3CF16BB390D00E63B27 /* Default-Portrait@2x~ipad.png in Resources */,
				D40CE3D116BB391300E63B27 /* Default-Landscape~ipad.png in Resources */,
				D40CE3D316BB391500E63B27 /* Default-Landscape@2x~ipad.png in Resources */,
				D40CE3D516BB398700E63B27 /* Commons-logo-72.png in Resources */,
				D40CE3D716BB398A00E63B27 /* Commons-logo-72@2x.png in Resources */,
				D40CE3DE16BB542300E63B27 /* fileicon-pdf.png in Resources */,
				D40CE3DF16BB542300E63B27 /* fileicon-svg.png in Resources */,
				DC0F63DF16BBB73F0017E63C /* defaults.plist in Resources */,
				D41D280D16C18C9F00BC3ABE /* cc-by.png in Resources */,
				D41D280E16C18C9F00BC3ABE /* cc-by@2x.png in Resources */,
				D41D280F16C18C9F00BC3ABE /* cc-sa.png in Resources */,
				D41D281016C18C9F00BC3ABE /* cc-sa@2x.png in Resources */,
				D4E0384A16C463C700330A7F /* messages-en.json in Resources */,
				D4E0385816C47B5200330A7F /* messages-fr.json in Resources */,
				D4E0385C16C47B6C00330A7F /* messages-qqq.json in Resources */,
			);
			runOnlyForDeploymentPostprocessing = 0;
		};
/* End PBXResourcesBuildPhase section */

/* Begin PBXShellScriptBuildPhase section */
		65137CD216BE4C3B006FA9BD /* ShellScript */ = {
			isa = PBXShellScriptBuildPhase;
			buildActionMask = 2147483647;
			files = (
			);
			inputPaths = (
			);
			outputPaths = (
			);
			runOnlyForDeploymentPostprocessing = 0;
			shellPath = /bin/sh;
			shellScript = "# Run the unit tests in this test bundle.\n\"${SYSTEM_DEVELOPER_DIR}/Tools/RunUnitTests\"\n";
		};
		65137D0416BE6696006FA9BD /* ShellScript */ = {
			isa = PBXShellScriptBuildPhase;
			buildActionMask = 2147483647;
			files = (
			);
			inputPaths = (
			);
			outputPaths = (
			);
			runOnlyForDeploymentPostprocessing = 0;
			shellPath = /bin/sh;
			shellScript = "# Run the unit tests in this test bundle.\n\"${SYSTEM_DEVELOPER_DIR}/Tools/RunUnitTests\"\n";
		};
/* End PBXShellScriptBuildPhase section */

/* Begin PBXSourcesBuildPhase section */
		65137CCF16BE4C3B006FA9BD /* Sources */ = {
			isa = PBXSourcesBuildPhase;
			buildActionMask = 2147483647;
			files = (
				65137CE116BE4C3B006FA9BD /* Commons_iOS_Logic_Testing.m in Sources */,
				65CA697F16C05B9700839D09 /* Http.m in Sources */,
				65CA698016C05B9700839D09 /* MWApi.m in Sources */,
				65CA698116C05B9700839D09 /* MWApiMultipartRequestBuilder.m in Sources */,
				65CA698216C05B9700839D09 /* MWApiRequestBuilder.m in Sources */,
				65CA698316C05B9700839D09 /* MWApiResult.m in Sources */,
				65CA698416C05B9700839D09 /* NSString+Extras.m in Sources */,
				65CA698516C05B9700839D09 /* NSURLRequest+DictionaryRequest.m in Sources */,
				65CA698616C05B9700839D09 /* MWNetworkActivityIndicatorManager.m in Sources */,
				65CA698716C05B9700839D09 /* AppDelegate.m in Sources */,
				65CA698916C05B9700839D09 /* SettingsViewController.m in Sources */,
				65CA699216C05BD500839D09 /* main.m in Sources */,
				65CA699116C05BC300839D09 /* FileUpload.xcdatamodeld in Sources */,
				65CA698B16C05B9700839D09 /* DetailTableViewController.m in Sources */,
				65CA698C16C05B9700839D09 /* WebViewController.m in Sources */,
				65CA698D16C05B9700839D09 /* ImageScrollViewController.m in Sources */,
				65CA698E16C05B9700839D09 /* FileUpload.m in Sources */,
				65CA698F16C05B9700839D09 /* CommonsApp.m in Sources */,
				65CA699016C05B9700839D09 /* BrowserHelper.m in Sources */,
				D4E0383D16C4567500330A7F /* MWMessage.m in Sources */,
				D4E0384216C462C800330A7F /* MWMessageStore.m in Sources */,
				D4E0385516C46FDD00330A7F /* MWI18N.m in Sources */,
				D44DDD3D16CC4D6000318FBF /* MWDeferred.m in Sources */,
				D44DDD4016CC4D6000318FBF /* MWPromise.m in Sources */,
				655BF5F016C1052D00B22299 /* StorageTools.m in Sources */,
			);
			runOnlyForDeploymentPostprocessing = 0;
		};
		65137D0116BE6696006FA9BD /* Sources */ = {
			isa = PBXSourcesBuildPhase;
			buildActionMask = 2147483647;
			files = (
				65137D1216BE6696006FA9BD /* Commons_iOS_Application_Testing.m in Sources */,
				D41D281416C19C4D00BC3ABE /* ImageListCell.m in Sources */,
				D41D281816C19CE100BC3ABE /* MyUploadsViewController.m in Sources */,
				D4E0383E16C4567500330A7F /* MWMessage.m in Sources */,
				D4E0384316C462C800330A7F /* MWMessageStore.m in Sources */,
				D4E0385616C46FDD00330A7F /* MWI18N.m in Sources */,
				D44DDD3E16CC4D6000318FBF /* MWDeferred.m in Sources */,
				D44DDD4116CC4D6000318FBF /* MWPromise.m in Sources */,
			);
			runOnlyForDeploymentPostprocessing = 0;
		};
		65C4D53816CCE10B0077E0A2 /* Sources */ = {
			isa = PBXSourcesBuildPhase;
			buildActionMask = 2147483647;
			files = (
				65C4D54716CCE10B0077E0A2 /* main.m in Sources */,
			);
			runOnlyForDeploymentPostprocessing = 0;
		};
		D4086168169B760800D6ACB0 /* Sources */ = {
			isa = PBXSourcesBuildPhase;
			buildActionMask = 2147483647;
			files = (
				1F7C6BFB16BEF0D200B7C558 /* Reachability.m in Sources */,
				D4D0E1F2169BA5E2003047A8 /* Http.m in Sources */,
				D4D0E1F3169BA5E2003047A8 /* MWApi.m in Sources */,
				D4D0E1F4169BA5E2003047A8 /* MWApiMultipartRequestBuilder.m in Sources */,
				D4D0E1F6169BA5E2003047A8 /* MWApiRequestBuilder.m in Sources */,
				D4D0E1F7169BA5E2003047A8 /* MWApiResult.m in Sources */,
				D4D0E1F8169BA5E2003047A8 /* NSString+Extras.m in Sources */,
				D4D0E1F9169BA5E2003047A8 /* NSURLRequest+DictionaryRequest.m in Sources */,
				D408617D169B760800D6ACB0 /* main.m in Sources */,
				D4086181169B760800D6ACB0 /* AppDelegate.m in Sources */,
				D41B99EF16B1CB2E0045BEB5 /* FileUpload.xcdatamodeld in Sources */,
				D450A0E116B347BE00D1D1E2 /* SettingsViewController.m in Sources */,
				D450A0E416B34ADD00D1D1E2 /* CommonsApp.m in Sources */,
				D450A0F916B366E200D1D1E2 /* FileUpload.m in Sources */,
				D4AFF27516B886FD003D96F3 /* DetailTableViewController.m in Sources */,
				DC2CB56716B9BD420047977E /* MWNetworkActivityIndicatorManager.m in Sources */,
				D4B83E1F16BC8B4000ABAF94 /* WebViewController.m in Sources */,
				D4B83E2216BC950900ABAF94 /* BrowserHelper.m in Sources */,
				DC606FBF16BF28FA006EFA5C /* ImageScrollViewController.m in Sources */,
				D41D281316C19C4D00BC3ABE /* ImageListCell.m in Sources */,
				D41D281716C19CE100BC3ABE /* MyUploadsViewController.m in Sources */,
				D4E0383C16C4567500330A7F /* MWMessage.m in Sources */,
				D4E0384116C462C800330A7F /* MWMessageStore.m in Sources */,
				D4E0385416C46FDD00330A7F /* MWI18N.m in Sources */,
				D4284F1016C9C2AA008640B0 /* MWEventLogging.m in Sources */,
				D44DDD3C16CC4D6000318FBF /* MWDeferred.m in Sources */,
				D44DDD3F16CC4D6000318FBF /* MWPromise.m in Sources */,
				655BF5EF16C1052D00B22299 /* StorageTools.m in Sources */,
			);
			runOnlyForDeploymentPostprocessing = 0;
		};
/* End PBXSourcesBuildPhase section */

/* Begin PBXVariantGroup section */
		65137CDC16BE4C3B006FA9BD /* InfoPlist.strings */ = {
			isa = PBXVariantGroup;
			children = (
				65137CDD16BE4C3B006FA9BD /* en */,
			);
			name = InfoPlist.strings;
			sourceTree = "<group>";
		};
		65137D0D16BE6696006FA9BD /* InfoPlist.strings */ = {
			isa = PBXVariantGroup;
			children = (
				65137D0E16BE6696006FA9BD /* en */,
			);
			name = InfoPlist.strings;
			sourceTree = "<group>";
		};
		65C4D54316CCE10B0077E0A2 /* InfoPlist.strings */ = {
			isa = PBXVariantGroup;
			children = (
				65C4D54416CCE10B0077E0A2 /* en */,
			);
			name = InfoPlist.strings;
			sourceTree = "<group>";
		};
		D4086179169B760800D6ACB0 /* InfoPlist.strings */ = {
			isa = PBXVariantGroup;
			children = (
				D408617A169B760800D6ACB0 /* en */,
			);
			name = InfoPlist.strings;
			sourceTree = "<group>";
		};
		D4086188169B760800D6ACB0 /* MainStoryboard.storyboard */ = {
			isa = PBXVariantGroup;
			children = (
				D4086189169B760800D6ACB0 /* en */,
			);
			name = MainStoryboard.storyboard;
			sourceTree = "<group>";
		};
/* End PBXVariantGroup section */

/* Begin XCBuildConfiguration section */
		65137CE316BE4C3B006FA9BD /* Debug */ = {
			isa = XCBuildConfiguration;
			buildSettings = {
				BUNDLE_LOADER = "";
				CLANG_WARN_CONSTANT_CONVERSION = YES;
				CLANG_WARN_ENUM_CONVERSION = YES;
				CLANG_WARN_INT_CONVERSION = YES;
				FRAMEWORK_SEARCH_PATHS = (
					"\"$(SDKROOT)/Developer/Library/Frameworks\"",
					"\"$(DEVELOPER_LIBRARY_DIR)/Frameworks\"",
				);
				GCC_PRECOMPILE_PREFIX_HEADER = YES;
				GCC_PREFIX_HEADER = "Commons-iOS-Logic-Testing/Commons-iOS-Logic-Testing-Prefix.pch";
				INFOPLIST_FILE = "Commons-iOS-Logic-Testing/Commons-iOS-Logic-Testing-Info.plist";
				IPHONEOS_DEPLOYMENT_TARGET = 6.1;
				LIBRARY_SEARCH_PATHS = (
					"$(inherited)",
					"\"$(SRCROOT)/Testing-Libraries\"",
				);
				PRODUCT_NAME = "$(TARGET_NAME)";
				WRAPPER_EXTENSION = octest;
			};
			name = Debug;
		};
		65137CE416BE4C3B006FA9BD /* Release */ = {
			isa = XCBuildConfiguration;
			buildSettings = {
				BUNDLE_LOADER = "";
				CLANG_WARN_CONSTANT_CONVERSION = YES;
				CLANG_WARN_ENUM_CONVERSION = YES;
				CLANG_WARN_INT_CONVERSION = YES;
				FRAMEWORK_SEARCH_PATHS = (
					"\"$(SDKROOT)/Developer/Library/Frameworks\"",
					"\"$(DEVELOPER_LIBRARY_DIR)/Frameworks\"",
				);
				GCC_PRECOMPILE_PREFIX_HEADER = YES;
				GCC_PREFIX_HEADER = "Commons-iOS-Logic-Testing/Commons-iOS-Logic-Testing-Prefix.pch";
				INFOPLIST_FILE = "Commons-iOS-Logic-Testing/Commons-iOS-Logic-Testing-Info.plist";
				IPHONEOS_DEPLOYMENT_TARGET = 6.1;
				LIBRARY_SEARCH_PATHS = (
					"$(inherited)",
					"\"$(SRCROOT)/Testing-Libraries\"",
				);
				PRODUCT_NAME = "$(TARGET_NAME)";
				WRAPPER_EXTENSION = octest;
			};
			name = Release;
		};
		65137D1516BE6696006FA9BD /* Debug */ = {
			isa = XCBuildConfiguration;
			buildSettings = {
				BUNDLE_LOADER = "$(BUILT_PRODUCTS_DIR)/Commons-iOS.app/Commons-iOS";
				CLANG_WARN_CONSTANT_CONVERSION = YES;
				CLANG_WARN_ENUM_CONVERSION = YES;
				CLANG_WARN_INT_CONVERSION = YES;
				FRAMEWORK_SEARCH_PATHS = (
					"\"$(SDKROOT)/Developer/Library/Frameworks\"",
					"\"$(DEVELOPER_LIBRARY_DIR)/Frameworks\"",
				);
				GCC_PRECOMPILE_PREFIX_HEADER = YES;
				GCC_PREFIX_HEADER = "Commons-iOS-Application-Testing/Commons-iOS-Application-Testing-Prefix.pch";
				INFOPLIST_FILE = "Commons-iOS-Application-Testing/Commons-iOS-Application-Testing-Info.plist";
				IPHONEOS_DEPLOYMENT_TARGET = 6.1;
				LIBRARY_SEARCH_PATHS = (
					"$(inherited)",
					"\"$(SRCROOT)/Testing-Libraries\"",
				);
				PRODUCT_NAME = "$(TARGET_NAME)";
				TEST_HOST = "$(BUNDLE_LOADER)";
				WRAPPER_EXTENSION = octest;
			};
			name = Debug;
		};
		65137D1616BE6696006FA9BD /* Release */ = {
			isa = XCBuildConfiguration;
			buildSettings = {
				BUNDLE_LOADER = "$(BUILT_PRODUCTS_DIR)/Commons-iOS.app/Commons-iOS";
				CLANG_WARN_CONSTANT_CONVERSION = YES;
				CLANG_WARN_ENUM_CONVERSION = YES;
				CLANG_WARN_INT_CONVERSION = YES;
				FRAMEWORK_SEARCH_PATHS = (
					"\"$(SDKROOT)/Developer/Library/Frameworks\"",
					"\"$(DEVELOPER_LIBRARY_DIR)/Frameworks\"",
				);
				GCC_PRECOMPILE_PREFIX_HEADER = YES;
				GCC_PREFIX_HEADER = "Commons-iOS-Application-Testing/Commons-iOS-Application-Testing-Prefix.pch";
				INFOPLIST_FILE = "Commons-iOS-Application-Testing/Commons-iOS-Application-Testing-Info.plist";
				IPHONEOS_DEPLOYMENT_TARGET = 6.1;
				LIBRARY_SEARCH_PATHS = (
					"$(inherited)",
					"\"$(SRCROOT)/Testing-Libraries\"",
				);
				PRODUCT_NAME = "$(TARGET_NAME)";
				TEST_HOST = "$(BUNDLE_LOADER)";
				WRAPPER_EXTENSION = octest;
			};
			name = Release;
		};
		65C4D55216CCE10B0077E0A2 /* Debug */ = {
			isa = XCBuildConfiguration;
			buildSettings = {
				CLANG_WARN_CONSTANT_CONVERSION = YES;
				CLANG_WARN_ENUM_CONVERSION = YES;
				CLANG_WARN_INT_CONVERSION = YES;
				"CODE_SIGN_IDENTITY[sdk=iphoneos*]" = "iPhone Developer";
				FRAMEWORK_SEARCH_PATHS = (
					"$(inherited)",
					"\"$(SRCROOT)/Testing-Libraries\"",
				);
				GCC_PRECOMPILE_PREFIX_HEADER = YES;
				GCC_PREFIX_HEADER = "Commons-iOS-GHUnit-Testing/Commons-iOS-GHUnit-Testing-Prefix.pch";
				INFOPLIST_FILE = "Commons-iOS-GHUnit-Testing/Commons-iOS-GHUnit-Testing-Info.plist";
				IPHONEOS_DEPLOYMENT_TARGET = 6.1;
				PRODUCT_NAME = "$(TARGET_NAME)";
				WRAPPER_EXTENSION = app;
			};
			name = Debug;
		};
		65C4D55316CCE10B0077E0A2 /* Release */ = {
			isa = XCBuildConfiguration;
			buildSettings = {
				CLANG_WARN_CONSTANT_CONVERSION = YES;
				CLANG_WARN_ENUM_CONVERSION = YES;
				CLANG_WARN_INT_CONVERSION = YES;
				"CODE_SIGN_IDENTITY[sdk=iphoneos*]" = "iPhone Developer";
				FRAMEWORK_SEARCH_PATHS = (
					"$(inherited)",
					"\"$(SRCROOT)/Testing-Libraries\"",
				);
				GCC_PRECOMPILE_PREFIX_HEADER = YES;
				GCC_PREFIX_HEADER = "Commons-iOS-GHUnit-Testing/Commons-iOS-GHUnit-Testing-Prefix.pch";
				INFOPLIST_FILE = "Commons-iOS-GHUnit-Testing/Commons-iOS-GHUnit-Testing-Info.plist";
				IPHONEOS_DEPLOYMENT_TARGET = 6.1;
				PRODUCT_NAME = "$(TARGET_NAME)";
				WRAPPER_EXTENSION = app;
			};
			name = Release;
		};
		D4086191169B760800D6ACB0 /* Debug */ = {
			isa = XCBuildConfiguration;
			buildSettings = {
				ALWAYS_SEARCH_USER_PATHS = NO;
				CLANG_CXX_LANGUAGE_STANDARD = "gnu++0x";
				CLANG_CXX_LIBRARY = "libc++";
				CLANG_ENABLE_OBJC_ARC = YES;
				CLANG_WARN_EMPTY_BODY = YES;
				CLANG_WARN__DUPLICATE_METHOD_MATCH = YES;
				"CODE_SIGN_IDENTITY[sdk=iphoneos*]" = "iPhone Developer";
				COPY_PHASE_STRIP = NO;
				GCC_C_LANGUAGE_STANDARD = gnu99;
				GCC_DYNAMIC_NO_PIC = NO;
				GCC_OPTIMIZATION_LEVEL = 0;
				GCC_PREPROCESSOR_DEFINITIONS = (
					"DEBUG=1",
					"$(inherited)",
				);
				GCC_SYMBOLS_PRIVATE_EXTERN = NO;
				GCC_WARN_ABOUT_RETURN_TYPE = YES;
				GCC_WARN_UNINITIALIZED_AUTOS = YES;
				GCC_WARN_UNUSED_VARIABLE = YES;
				IPHONEOS_DEPLOYMENT_TARGET = 6.0;
				ONLY_ACTIVE_ARCH = YES;
				SDKROOT = iphoneos;
			};
			name = Debug;
		};
		D4086192169B760800D6ACB0 /* Release */ = {
			isa = XCBuildConfiguration;
			buildSettings = {
				ALWAYS_SEARCH_USER_PATHS = NO;
				CLANG_CXX_LANGUAGE_STANDARD = "gnu++0x";
				CLANG_CXX_LIBRARY = "libc++";
				CLANG_ENABLE_OBJC_ARC = YES;
				CLANG_WARN_EMPTY_BODY = YES;
				CLANG_WARN__DUPLICATE_METHOD_MATCH = YES;
				"CODE_SIGN_IDENTITY[sdk=iphoneos*]" = "iPhone Developer";
				COPY_PHASE_STRIP = YES;
				GCC_C_LANGUAGE_STANDARD = gnu99;
				GCC_WARN_ABOUT_RETURN_TYPE = YES;
				GCC_WARN_UNINITIALIZED_AUTOS = YES;
				GCC_WARN_UNUSED_VARIABLE = YES;
				IPHONEOS_DEPLOYMENT_TARGET = 6.0;
				OTHER_CFLAGS = "-DNS_BLOCK_ASSERTIONS=1";
				SDKROOT = iphoneos;
				VALIDATE_PRODUCT = YES;
			};
			name = Release;
		};
		D4086194169B760800D6ACB0 /* Debug */ = {
			isa = XCBuildConfiguration;
			buildSettings = {
				GCC_PRECOMPILE_PREFIX_HEADER = YES;
				GCC_PREFIX_HEADER = "Commons-iOS/Commons-iOS-Prefix.pch";
				HEADER_SEARCH_PATHS = "$(SDKROOT)/usr/include/libxml2";
				INFOPLIST_FILE = "Commons-iOS/Commons-iOS-Info.plist";
				IPHONEOS_DEPLOYMENT_TARGET = 5.0;
				ONLY_ACTIVE_ARCH = YES;
				PRODUCT_NAME = "$(TARGET_NAME)";
				TARGETED_DEVICE_FAMILY = "1,2";
				WRAPPER_EXTENSION = app;
			};
			name = Debug;
		};
		D4086195169B760800D6ACB0 /* Release */ = {
			isa = XCBuildConfiguration;
			buildSettings = {
				GCC_PRECOMPILE_PREFIX_HEADER = YES;
				GCC_PREFIX_HEADER = "Commons-iOS/Commons-iOS-Prefix.pch";
				HEADER_SEARCH_PATHS = "$(SDKROOT)/usr/include/libxml2";
				INFOPLIST_FILE = "Commons-iOS/Commons-iOS-Info.plist";
				IPHONEOS_DEPLOYMENT_TARGET = 5.0;
				ONLY_ACTIVE_ARCH = YES;
				PRODUCT_NAME = "$(TARGET_NAME)";
				TARGETED_DEVICE_FAMILY = "1,2";
				WRAPPER_EXTENSION = app;
			};
			name = Release;
		};
/* End XCBuildConfiguration section */

/* Begin XCConfigurationList section */
		65137CE516BE4C3B006FA9BD /* Build configuration list for PBXNativeTarget "Commons-iOS-Logic-Testing" */ = {
			isa = XCConfigurationList;
			buildConfigurations = (
				65137CE316BE4C3B006FA9BD /* Debug */,
				65137CE416BE4C3B006FA9BD /* Release */,
			);
			defaultConfigurationIsVisible = 0;
			defaultConfigurationName = Release;
		};
		65137D1416BE6696006FA9BD /* Build configuration list for PBXNativeTarget "Commons-iOS-Application-Testing" */ = {
			isa = XCConfigurationList;
			buildConfigurations = (
				65137D1516BE6696006FA9BD /* Debug */,
				65137D1616BE6696006FA9BD /* Release */,
			);
			defaultConfigurationIsVisible = 0;
			defaultConfigurationName = Release;
		};
		65C4D55416CCE10B0077E0A2 /* Build configuration list for PBXNativeTarget "Commons-iOS-GHUnit-Testing" */ = {
			isa = XCConfigurationList;
			buildConfigurations = (
				65C4D55216CCE10B0077E0A2 /* Debug */,
				65C4D55316CCE10B0077E0A2 /* Release */,
			);
			defaultConfigurationIsVisible = 0;
		};
		D4086166169B760800D6ACB0 /* Build configuration list for PBXProject "Commons-iOS" */ = {
			isa = XCConfigurationList;
			buildConfigurations = (
				D4086191169B760800D6ACB0 /* Debug */,
				D4086192169B760800D6ACB0 /* Release */,
			);
			defaultConfigurationIsVisible = 0;
			defaultConfigurationName = Release;
		};
		D4086193169B760800D6ACB0 /* Build configuration list for PBXNativeTarget "Commons-iOS" */ = {
			isa = XCConfigurationList;
			buildConfigurations = (
				D4086194169B760800D6ACB0 /* Debug */,
				D4086195169B760800D6ACB0 /* Release */,
			);
			defaultConfigurationIsVisible = 0;
			defaultConfigurationName = Release;
		};
/* End XCConfigurationList section */

/* Begin XCVersionGroup section */
		D41B99ED16B1CB2E0045BEB5 /* FileUpload.xcdatamodeld */ = {
			isa = XCVersionGroup;
			children = (
				D41B99EE16B1CB2E0045BEB5 /* FileUpload.xcdatamodel */,
			);
			currentVersion = D41B99EE16B1CB2E0045BEB5 /* FileUpload.xcdatamodel */;
			path = FileUpload.xcdatamodeld;
			sourceTree = "<group>";
			versionGroupType = wrapper.xcdatamodel;
		};
/* End XCVersionGroup section */
	};
	rootObject = D4086163169B760800D6ACB0 /* Project object */;
}
